// !$*UTF8*$!
{
	archiveVersion = 1;
	classes = {
	};
	objectVersion = 56;
	objects = {

/* Begin PBXBuildFile section */
		6B117F6B2ABC865A000B03F7 /* UIResponder + Extension.swift in Sources */ = {isa = PBXBuildFile; fileRef = 6B117F6A2ABC865A000B03F7 /* UIResponder + Extension.swift */; };
		6B555DA72ABF2A1D00E065F2 /* (null) in Sources */ = {isa = PBXBuildFile; };
		6B555DA92ABF2A5900E065F2 /* (null) in Sources */ = {isa = PBXBuildFile; };
		6B5B83932AC1ED4300CD0AFC /* GulbiAPI.swift in Sources */ = {isa = PBXBuildFile; fileRef = 6B5B83922AC1ED4300CD0AFC /* GulbiAPI.swift */; };
		6B5B83952AC1EDB700CD0AFC /* GulbiResponse.swift in Sources */ = {isa = PBXBuildFile; fileRef = 6B5B83942AC1EDB700CD0AFC /* GulbiResponse.swift */; };
		6B5B83972AC1EE4800CD0AFC /* ErrorResponse.swift in Sources */ = {isa = PBXBuildFile; fileRef = 6B5B83962AC1EE4800CD0AFC /* ErrorResponse.swift */; };
		6B5B83992AC1EE8C00CD0AFC /* MainResponse.swift in Sources */ = {isa = PBXBuildFile; fileRef = 6B5B83982AC1EE8C00CD0AFC /* MainResponse.swift */; };
		6B5B839B2AC1EEB300CD0AFC /* WeeklyService.swift in Sources */ = {isa = PBXBuildFile; fileRef = 6B5B839A2AC1EEB300CD0AFC /* WeeklyService.swift */; };
		6B74280A2AB9580B00BA7E2C /* UIColor+Extension.swift in Sources */ = {isa = PBXBuildFile; fileRef = 6B7428092AB9580B00BA7E2C /* UIColor+Extension.swift */; };
		6B742DA12AC02988002A784E /* UIViewController+Extension.swift in Sources */ = {isa = PBXBuildFile; fileRef = 6B742DA02AC02988002A784E /* UIViewController+Extension.swift */; };
		9512615A2ABB1CA20012B5F9 /* OnboardingViewController.swift in Sources */ = {isa = PBXBuildFile; fileRef = 951261592ABB1CA20012B5F9 /* OnboardingViewController.swift */; };
		9512615E2ABB1CE80012B5F9 /* OnboardingCollectionViewCell.swift in Sources */ = {isa = PBXBuildFile; fileRef = 9512615D2ABB1CE80012B5F9 /* OnboardingCollectionViewCell.swift */; };
		951261632ABD970C0012B5F9 /* LoginViewController.swift in Sources */ = {isa = PBXBuildFile; fileRef = 951261622ABD970C0012B5F9 /* LoginViewController.swift */; };
		951261652ABD97100012B5F9 /* LoginView.swift in Sources */ = {isa = PBXBuildFile; fileRef = 951261642ABD97100012B5F9 /* LoginView.swift */; };
		951261682ABF4ED20012B5F9 /* Storage.swift in Sources */ = {isa = PBXBuildFile; fileRef = 951261672ABF4ED20012B5F9 /* Storage.swift */; };
		951261872AC02D560012B5F9 /* URLConst.swift in Sources */ = {isa = PBXBuildFile; fileRef = 951261862AC02D560012B5F9 /* URLConst.swift */; };
		9512618B2AC02E090012B5F9 /* MoyaLoggerPlugin.swift in Sources */ = {isa = PBXBuildFile; fileRef = 9512618A2AC02E090012B5F9 /* MoyaLoggerPlugin.swift */; };
		951261902AC02EA70012B5F9 /* NetworkResult.swift in Sources */ = {isa = PBXBuildFile; fileRef = 9512618F2AC02EA70012B5F9 /* NetworkResult.swift */; };
		951261942AC02EC60012B5F9 /* BlankDataResponse.swift in Sources */ = {isa = PBXBuildFile; fileRef = 951261932AC02EC60012B5F9 /* BlankDataResponse.swift */; };
		9512619E2AC055190012B5F9 /* AuthAPI.swift in Sources */ = {isa = PBXBuildFile; fileRef = 9512619D2AC055190012B5F9 /* AuthAPI.swift */; };
		951261A02AC05B6F0012B5F9 /* AuthService.swift in Sources */ = {isa = PBXBuildFile; fileRef = 9512619F2AC05B6F0012B5F9 /* AuthService.swift */; };
		951261A22AC061560012B5F9 /* NetworkService.swift in Sources */ = {isa = PBXBuildFile; fileRef = 951261A12AC061560012B5F9 /* NetworkService.swift */; };
		951261A92AC19A2B0012B5F9 /* MainAPI.swift in Sources */ = {isa = PBXBuildFile; fileRef = 951261A82AC19A2B0012B5F9 /* MainAPI.swift */; };
		951261AB2AC19A370012B5F9 /* MainService.swift in Sources */ = {isa = PBXBuildFile; fileRef = 951261AA2AC19A370012B5F9 /* MainService.swift */; };
		951261B22AC1A8890012B5F9 /* WeeklyResponse.swift in Sources */ = {isa = PBXBuildFile; fileRef = 951261B12AC1A8890012B5F9 /* WeeklyResponse.swift */; };
		951261B42AC1A8920012B5F9 /* MonthlyResponse.swift in Sources */ = {isa = PBXBuildFile; fileRef = 951261B32AC1A8920012B5F9 /* MonthlyResponse.swift */; };
		951261B62AC1A89E0012B5F9 /* MonthlyService.swift in Sources */ = {isa = PBXBuildFile; fileRef = 951261B52AC1A89E0012B5F9 /* MonthlyService.swift */; };
		951261BA2AC1A8AC0012B5F9 /* WeeklyAPI.swift in Sources */ = {isa = PBXBuildFile; fileRef = 951261B92AC1A8AC0012B5F9 /* WeeklyAPI.swift */; };
		951261BC2AC1A8BA0012B5F9 /* MonthlyAPI.swift in Sources */ = {isa = PBXBuildFile; fileRef = 951261BB2AC1A8BA0012B5F9 /* MonthlyAPI.swift */; };
		951261C12AC1B00D0012B5F9 /* GulbiService.swift in Sources */ = {isa = PBXBuildFile; fileRef = 951261C02AC1B00D0012B5F9 /* GulbiService.swift */; };
		951261C52AC1DE110012B5F9 /* UserDefault.swift in Sources */ = {isa = PBXBuildFile; fileRef = 951261C42AC1DE110012B5F9 /* UserDefault.swift */; };
		951261C72AC1DE280012B5F9 /* UserDefaultHandler.swift in Sources */ = {isa = PBXBuildFile; fileRef = 951261C62AC1DE280012B5F9 /* UserDefaultHandler.swift */; };
		951261DA2AC2A9380012B5F9 /* Toast in Frameworks */ = {isa = PBXBuildFile; productRef = 951261D92AC2A9380012B5F9 /* Toast */; };
		953650772C64566A00F58D13 /* EmptyHomeView.swift in Sources */ = {isa = PBXBuildFile; fileRef = 953650762C64566A00F58D13 /* EmptyHomeView.swift */; };
		953650792C64567700F58D13 /* EmptyHomeViewController.swift in Sources */ = {isa = PBXBuildFile; fileRef = 953650782C64567700F58D13 /* EmptyHomeViewController.swift */; };
		9536507C2C6456C500F58D13 /* HabitView.swift in Sources */ = {isa = PBXBuildFile; fileRef = 9536507B2C6456C500F58D13 /* HabitView.swift */; };
		9536507E2C6456CE00F58D13 /* HabitViewController.swift in Sources */ = {isa = PBXBuildFile; fileRef = 9536507D2C6456CE00F58D13 /* HabitViewController.swift */; };
		953650822C6457ED00F58D13 /* PlanExpenseViewController.swift in Sources */ = {isa = PBXBuildFile; fileRef = 953650812C6457ED00F58D13 /* PlanExpenseViewController.swift */; };
		953650842C6457F400F58D13 /* PlanExpenseView.swift in Sources */ = {isa = PBXBuildFile; fileRef = 953650832C6457F400F58D13 /* PlanExpenseView.swift */; };
		953650862C6457FD00F58D13 /* AddExpenseViewController.swift in Sources */ = {isa = PBXBuildFile; fileRef = 953650852C6457FD00F58D13 /* AddExpenseViewController.swift */; };
		953650882C64580300F58D13 /* AddExpenseView.swift in Sources */ = {isa = PBXBuildFile; fileRef = 953650872C64580300F58D13 /* AddExpenseView.swift */; };
		9536508B2C64585700F58D13 /* MakeMoneyBoxViewController.swift in Sources */ = {isa = PBXBuildFile; fileRef = 9536508A2C64585700F58D13 /* MakeMoneyBoxViewController.swift */; };
		9536508D2C64585D00F58D13 /* MakeMoneyBoxView.swift in Sources */ = {isa = PBXBuildFile; fileRef = 9536508C2C64585D00F58D13 /* MakeMoneyBoxView.swift */; };
		953650942C6458D700F58D13 /* AnalysisExpenseDetailView.swift in Sources */ = {isa = PBXBuildFile; fileRef = 953650932C6458D700F58D13 /* AnalysisExpenseDetailView.swift */; };
		953650962C6458DE00F58D13 /* AnalysisExpenseDetailViewController.swift in Sources */ = {isa = PBXBuildFile; fileRef = 953650952C6458DE00F58D13 /* AnalysisExpenseDetailViewController.swift */; };
		953650982C6458ED00F58D13 /* CalendarViewController.swift in Sources */ = {isa = PBXBuildFile; fileRef = 953650972C6458ED00F58D13 /* CalendarViewController.swift */; };
		9536509A2C6458F200F58D13 /* CalendarView.swift in Sources */ = {isa = PBXBuildFile; fileRef = 953650992C6458F200F58D13 /* CalendarView.swift */; };
		9536509C2C64590000F58D13 /* MyPageViewController.swift in Sources */ = {isa = PBXBuildFile; fileRef = 9536509B2C64590000F58D13 /* MyPageViewController.swift */; };
		9536509E2C64590700F58D13 /* MyPageView.swift in Sources */ = {isa = PBXBuildFile; fileRef = 9536509D2C64590700F58D13 /* MyPageView.swift */; };
		953650AB2C6462E400F58D13 /* TabBarViewController.swift in Sources */ = {isa = PBXBuildFile; fileRef = 953650AA2C6462E400F58D13 /* TabBarViewController.swift */; };
		953650B52C6DC65200F58D13 /* UIStackView+Extension.swift in Sources */ = {isa = PBXBuildFile; fileRef = 953650B42C6DC65200F58D13 /* UIStackView+Extension.swift */; };
		953650BD2C6DFCFC00F58D13 /* UIButton+Extension.swift in Sources */ = {isa = PBXBuildFile; fileRef = 953650BC2C6DFCFC00F58D13 /* UIButton+Extension.swift */; };
		953650BF2C6DFF6200F58D13 /* MonthAnalysisView.swift in Sources */ = {isa = PBXBuildFile; fileRef = 953650BE2C6DFF6200F58D13 /* MonthAnalysisView.swift */; };
		953650C12C6E03E700F58D13 /* AnalysisView.swift in Sources */ = {isa = PBXBuildFile; fileRef = 953650C02C6E03E700F58D13 /* AnalysisView.swift */; };
		953650C52C6E067800F58D13 /* DummyData.swift in Sources */ = {isa = PBXBuildFile; fileRef = 953650C42C6E067800F58D13 /* DummyData.swift */; };
		953650C82C6E125600F58D13 /* MonthAnalysisCollectionViewCell.swift in Sources */ = {isa = PBXBuildFile; fileRef = 953650C72C6E125600F58D13 /* MonthAnalysisCollectionViewCell.swift */; };
		953650CA2C6E199700F58D13 /* Category.swift in Sources */ = {isa = PBXBuildFile; fileRef = 953650C92C6E199700F58D13 /* Category.swift */; };
		953650CC2C6F31D200F58D13 /* MonthAnalysisCollectionViewHeader.swift in Sources */ = {isa = PBXBuildFile; fileRef = 953650CB2C6F31D200F58D13 /* MonthAnalysisCollectionViewHeader.swift */; };
		953BF47E2B13AD13009F8FE4 /* AuthResponse.swift in Sources */ = {isa = PBXBuildFile; fileRef = 953BF47D2B13AD13009F8FE4 /* AuthResponse.swift */; };
		955100B12C76D85D00D80A9C /* CategoryDetailView.swift in Sources */ = {isa = PBXBuildFile; fileRef = 955100B02C76D85D00D80A9C /* CategoryDetailView.swift */; };
		955100B32C76D86400D80A9C /* CategoryDetailViewController.swift in Sources */ = {isa = PBXBuildFile; fileRef = 955100B22C76D86400D80A9C /* CategoryDetailViewController.swift */; };
		955100B62C76E1B400D80A9C /* AnalysisExpenseEmptyView.swift in Sources */ = {isa = PBXBuildFile; fileRef = 955100B52C76E1B400D80A9C /* AnalysisExpenseEmptyView.swift */; };
		955100B92C76E37200D80A9C /* AnalysisExpenseView.swift in Sources */ = {isa = PBXBuildFile; fileRef = 955100B82C76E37200D80A9C /* AnalysisExpenseView.swift */; };
		955201372CA04BBE006DB98C /* ExpenseListView.swift in Sources */ = {isa = PBXBuildFile; fileRef = 955201362CA04BBE006DB98C /* ExpenseListView.swift */; };
		955201392CA04BC4006DB98C /* ExpenseListViewController.swift in Sources */ = {isa = PBXBuildFile; fileRef = 955201382CA04BC4006DB98C /* ExpenseListViewController.swift */; };
		9552013C2CA04BDA006DB98C /* ExpenseDetailView.swift in Sources */ = {isa = PBXBuildFile; fileRef = 9552013B2CA04BDA006DB98C /* ExpenseDetailView.swift */; };
		9552013E2CA04BE0006DB98C /* ExpenseDetailViewController.swift in Sources */ = {isa = PBXBuildFile; fileRef = 9552013D2CA04BE0006DB98C /* ExpenseDetailViewController.swift */; };
		955201402CA06793006DB98C /* CalendarModel.swift in Sources */ = {isa = PBXBuildFile; fileRef = 9552013F2CA06793006DB98C /* CalendarModel.swift */; };
		955201422CA06B08006DB98C /* UILabel+Extension.swift in Sources */ = {isa = PBXBuildFile; fileRef = 955201412CA06B08006DB98C /* UILabel+Extension.swift */; };
		955201442CA082B3006DB98C /* ExpenseListModel.swift in Sources */ = {isa = PBXBuildFile; fileRef = 955201432CA082B3006DB98C /* ExpenseListModel.swift */; };
		95577D152C81D2AF008CFE0B /* MyPageTableViewHeader.swift in Sources */ = {isa = PBXBuildFile; fileRef = 95577D142C81D2AF008CFE0B /* MyPageTableViewHeader.swift */; };
		95577D172C81D2B6008CFE0B /* MyPageTableViewFooter.swift in Sources */ = {isa = PBXBuildFile; fileRef = 95577D162C81D2B6008CFE0B /* MyPageTableViewFooter.swift */; };
		95577D192C81D2BD008CFE0B /* MyPageTableViewCell.swift in Sources */ = {isa = PBXBuildFile; fileRef = 95577D182C81D2BD008CFE0B /* MyPageTableViewCell.swift */; };
		95577D212C81DE86008CFE0B /* HomeWidgetSettingView.swift in Sources */ = {isa = PBXBuildFile; fileRef = 95577D202C81DE86008CFE0B /* HomeWidgetSettingView.swift */; };
		95577D232C81DE8D008CFE0B /* HomeWidgetSettingViewController.swift in Sources */ = {isa = PBXBuildFile; fileRef = 95577D222C81DE8D008CFE0B /* HomeWidgetSettingViewController.swift */; };
		95D004432B4D0160009D4DF3 /* String+Extension.swift in Sources */ = {isa = PBXBuildFile; fileRef = 95D004422B4D0160009D4DF3 /* String+Extension.swift */; };
		95E24FFC2AC2CA7200AB8DD5 /* StringLiteral.swift in Sources */ = {isa = PBXBuildFile; fileRef = 95E24FFB2AC2CA7200AB8DD5 /* StringLiteral.swift */; };
		95E24FFE2AC2CA7800AB8DD5 /* ImageLiteral.swift in Sources */ = {isa = PBXBuildFile; fileRef = 95E24FFD2AC2CA7800AB8DD5 /* ImageLiteral.swift */; };
		95E535D02AB492F400FA2492 /* SplashViewController.swift in Sources */ = {isa = PBXBuildFile; fileRef = 95E535CF2AB492F400FA2492 /* SplashViewController.swift */; };
		95EF1C362C773BE400AD06A9 /* PlanExpenseGuideView.swift in Sources */ = {isa = PBXBuildFile; fileRef = 95EF1C352C773BE400AD06A9 /* PlanExpenseGuideView.swift */; };
		95EF1C392C77471400AD06A9 /* AnalysisExpenseDetailEmptyView.swift in Sources */ = {isa = PBXBuildFile; fileRef = 95EF1C382C77471400AD06A9 /* AnalysisExpenseDetailEmptyView.swift */; };
		95EF1C542C7EDEE000AD06A9 /* MonthPickerView.swift in Sources */ = {isa = PBXBuildFile; fileRef = 95EF1C532C7EDEE000AD06A9 /* MonthPickerView.swift */; };
		95EF1C562C7EDF0100AD06A9 /* SelectMonthNavigationBar.swift in Sources */ = {isa = PBXBuildFile; fileRef = 95EF1C552C7EDF0100AD06A9 /* SelectMonthNavigationBar.swift */; };
		95EF1C582C7EDF2900AD06A9 /* SelectMonthViewController.swift in Sources */ = {isa = PBXBuildFile; fileRef = 95EF1C572C7EDF2900AD06A9 /* SelectMonthViewController.swift */; };
		95EF1C5A2C7EDF9800AD06A9 /* SelectMonthTransitioningDelegate.swift in Sources */ = {isa = PBXBuildFile; fileRef = 95EF1C592C7EDF9800AD06A9 /* SelectMonthTransitioningDelegate.swift */; };
		95EF1C5C2C7EDFE000AD06A9 /* SelectMonthPresentationController.swift in Sources */ = {isa = PBXBuildFile; fileRef = 95EF1C5B2C7EDFE000AD06A9 /* SelectMonthPresentationController.swift */; };
		95EF1C5E2C7EEE5B00AD06A9 /* DataManager.swift in Sources */ = {isa = PBXBuildFile; fileRef = 95EF1C5D2C7EEE5B00AD06A9 /* DataManager.swift */; };
		BC94AD212AA5FE3A00A77052 /* AppDelegate.swift in Sources */ = {isa = PBXBuildFile; fileRef = BC94AD202AA5FE3A00A77052 /* AppDelegate.swift */; };
		BC94AD232AA5FE3A00A77052 /* SceneDelegate.swift in Sources */ = {isa = PBXBuildFile; fileRef = BC94AD222AA5FE3A00A77052 /* SceneDelegate.swift */; };
		BC94AD2A2AA5FE3B00A77052 /* Assets.xcassets in Resources */ = {isa = PBXBuildFile; fileRef = BC94AD292AA5FE3B00A77052 /* Assets.xcassets */; };
		BC94AD2D2AA5FE3B00A77052 /* LaunchScreen.storyboard in Resources */ = {isa = PBXBuildFile; fileRef = BC94AD2B2AA5FE3B00A77052 /* LaunchScreen.storyboard */; };
		BC94AD3F2AA619CE00A77052 /* Moya in Frameworks */ = {isa = PBXBuildFile; productRef = BC94AD3E2AA619CE00A77052 /* Moya */; };
		BC94AD422AA619DC00A77052 /* Then in Frameworks */ = {isa = PBXBuildFile; productRef = BC94AD412AA619DC00A77052 /* Then */; };
		BC94AD452AA619FC00A77052 /* SnapKit in Frameworks */ = {isa = PBXBuildFile; productRef = BC94AD442AA619FC00A77052 /* SnapKit */; };
		BC94AD472AA61A4800A77052 /* Int+Extension.swift in Sources */ = {isa = PBXBuildFile; fileRef = BC94AD462AA61A4800A77052 /* Int+Extension.swift */; };
		BC94AD492AA61A8300A77052 /* BaseView.swift in Sources */ = {isa = PBXBuildFile; fileRef = BC94AD482AA61A8300A77052 /* BaseView.swift */; };
		BC94AD4B2AA61B6C00A77052 /* BaseButton.swift in Sources */ = {isa = PBXBuildFile; fileRef = BC94AD4A2AA61B6C00A77052 /* BaseButton.swift */; };
		BC94AD4E2AA61CA500A77052 /* ExampleViewController.swift in Sources */ = {isa = PBXBuildFile; fileRef = BC94AD4D2AA61CA500A77052 /* ExampleViewController.swift */; };
		BC94AD502AA61E6700A77052 /* BaseRouter.swift in Sources */ = {isa = PBXBuildFile; fileRef = BC94AD4F2AA61E6700A77052 /* BaseRouter.swift */; };
		BC94AD522AA61F2000A77052 /* RequestProvider.swift in Sources */ = {isa = PBXBuildFile; fileRef = BC94AD512AA61F2000A77052 /* RequestProvider.swift */; };
		BC94AD552AA61F5200A77052 /* ExampleAPI.swift in Sources */ = {isa = PBXBuildFile; fileRef = BC94AD542AA61F5200A77052 /* ExampleAPI.swift */; };
		BC94AD572AA61FC300A77052 /* TargetType+Extension.swift in Sources */ = {isa = PBXBuildFile; fileRef = BC94AD562AA61FC300A77052 /* TargetType+Extension.swift */; };
		BC94AD592AA6208900A77052 /* ExampleRequest.swift in Sources */ = {isa = PBXBuildFile; fileRef = BC94AD582AA6208900A77052 /* ExampleRequest.swift */; };
		BC94AD5B2AA621E200A77052 /* AppDependency.swift in Sources */ = {isa = PBXBuildFile; fileRef = BC94AD5A2AA621E200A77052 /* AppDependency.swift */; };
		BC94AD5E2AA6275000A77052 /* ExampleCustomView.swift in Sources */ = {isa = PBXBuildFile; fileRef = BC94AD5D2AA6275000A77052 /* ExampleCustomView.swift */; };
		BC94AD602AA6AB9400A77052 /* BaseViewController.swift in Sources */ = {isa = PBXBuildFile; fileRef = BC94AD5F2AA6AB9400A77052 /* BaseViewController.swift */; };
		C336C7C92B5146E400A118F0 /* KakaoSDK in Frameworks */ = {isa = PBXBuildFile; productRef = C336C7C82B5146E400A118F0 /* KakaoSDK */; };
		C336C7CB2B5146E400A118F0 /* KakaoSDKAuth in Frameworks */ = {isa = PBXBuildFile; productRef = C336C7CA2B5146E400A118F0 /* KakaoSDKAuth */; };
		C336C7CD2B5146E400A118F0 /* KakaoSDKCert in Frameworks */ = {isa = PBXBuildFile; productRef = C336C7CC2B5146E400A118F0 /* KakaoSDKCert */; };
		C336C7CF2B5146E400A118F0 /* KakaoSDKCertCore in Frameworks */ = {isa = PBXBuildFile; productRef = C336C7CE2B5146E400A118F0 /* KakaoSDKCertCore */; };
		C336C7D12B5146E400A118F0 /* KakaoSDKCommon in Frameworks */ = {isa = PBXBuildFile; productRef = C336C7D02B5146E400A118F0 /* KakaoSDKCommon */; };
		E53F842A2C8C98250005EBBE /* BaseCalendarView.swift in Sources */ = {isa = PBXBuildFile; fileRef = E53F84292C8C98250005EBBE /* BaseCalendarView.swift */; };
		E53F842D2C8C98560005EBBE /* CalendarCell.swift in Sources */ = {isa = PBXBuildFile; fileRef = E53F842C2C8C98560005EBBE /* CalendarCell.swift */; };
		E53F84302C8C98850005EBBE /* FSCalendar in Frameworks */ = {isa = PBXBuildFile; productRef = E53F842F2C8C98850005EBBE /* FSCalendar */; };
		E53F84342C8DD6420005EBBE /* PlanExpenseModel.swift in Sources */ = {isa = PBXBuildFile; fileRef = E53F84332C8DD6420005EBBE /* PlanExpenseModel.swift */; };
		E56ED7282C6E6DF50022413D /* SetPeriodViewController.swift in Sources */ = {isa = PBXBuildFile; fileRef = E56ED7272C6E6DF50022413D /* SetPeriodViewController.swift */; };
		E56ED72A2C6E6DFF0022413D /* SetPeriodView.swift in Sources */ = {isa = PBXBuildFile; fileRef = E56ED7292C6E6DFF0022413D /* SetPeriodView.swift */; };
		E5D34D8D2C85A5E200200C44 /* UITextField+Extension.swift in Sources */ = {isa = PBXBuildFile; fileRef = E5D34D8C2C85A5E100200C44 /* UITextField+Extension.swift */; };
		E5D34D8F2C85A62300200C44 /* BaseTextField.swift in Sources */ = {isa = PBXBuildFile; fileRef = E5D34D8E2C85A62300200C44 /* BaseTextField.swift */; };
		E5F659D62C95C759001A08C7 /* HomeView.swift in Sources */ = {isa = PBXBuildFile; fileRef = E5F659D52C95C759001A08C7 /* HomeView.swift */; };
		E5F659DA2C9708B7001A08C7 /* CustomKeyboardViewController.swift in Sources */ = {isa = PBXBuildFile; fileRef = E5F659D92C9708B7001A08C7 /* CustomKeyboardViewController.swift */; };
		E5F659DC2C9709A8001A08C7 /* HomeViewController.swift in Sources */ = {isa = PBXBuildFile; fileRef = E5F659DB2C9709A8001A08C7 /* HomeViewController.swift */; };
		E5F659DF2C9C9162001A08C7 /* ExpenseCategoryView.swift in Sources */ = {isa = PBXBuildFile; fileRef = E5F659DE2C9C9162001A08C7 /* ExpenseCategoryView.swift */; };
		E5F659E12C9C9174001A08C7 /* ExpenseCategoryViewController.swift in Sources */ = {isa = PBXBuildFile; fileRef = E5F659E02C9C9174001A08C7 /* ExpenseCategoryViewController.swift */; };
		E5F659E32C9FE790001A08C7 /* ExpenseCategoryCell.swift in Sources */ = {isa = PBXBuildFile; fileRef = E5F659E22C9FE790001A08C7 /* ExpenseCategoryCell.swift */; };
		E5F659E52C9FEA50001A08C7 /* ExpenseCategoryModel.swift in Sources */ = {isa = PBXBuildFile; fileRef = E5F659E42C9FEA50001A08C7 /* ExpenseCategoryModel.swift */; };
		E5F659E72CA00B49001A08C7 /* AddExpenseConfirmViewController.swift in Sources */ = {isa = PBXBuildFile; fileRef = E5F659E62CA00B49001A08C7 /* AddExpenseConfirmViewController.swift */; };
		E5F659E92CA00B57001A08C7 /* AddExpenseConfirmView.swift in Sources */ = {isa = PBXBuildFile; fileRef = E5F659E82CA00B57001A08C7 /* AddExpenseConfirmView.swift */; };
		E5F659EB2CA00FF4001A08C7 /* AddExpenseModel.swift in Sources */ = {isa = PBXBuildFile; fileRef = E5F659EA2CA00FF4001A08C7 /* AddExpenseModel.swift */; };
/* End PBXBuildFile section */

/* Begin PBXFileReference section */
		6B117F6A2ABC865A000B03F7 /* UIResponder + Extension.swift */ = {isa = PBXFileReference; lastKnownFileType = sourcecode.swift; path = "UIResponder + Extension.swift"; sourceTree = "<group>"; };
		6B5B83922AC1ED4300CD0AFC /* GulbiAPI.swift */ = {isa = PBXFileReference; lastKnownFileType = sourcecode.swift; path = GulbiAPI.swift; sourceTree = "<group>"; };
		6B5B83942AC1EDB700CD0AFC /* GulbiResponse.swift */ = {isa = PBXFileReference; lastKnownFileType = sourcecode.swift; path = GulbiResponse.swift; sourceTree = "<group>"; };
		6B5B83962AC1EE4800CD0AFC /* ErrorResponse.swift */ = {isa = PBXFileReference; lastKnownFileType = sourcecode.swift; path = ErrorResponse.swift; sourceTree = "<group>"; };
		6B5B83982AC1EE8C00CD0AFC /* MainResponse.swift */ = {isa = PBXFileReference; lastKnownFileType = sourcecode.swift; path = MainResponse.swift; sourceTree = "<group>"; };
		6B5B839A2AC1EEB300CD0AFC /* WeeklyService.swift */ = {isa = PBXFileReference; lastKnownFileType = sourcecode.swift; path = WeeklyService.swift; sourceTree = "<group>"; };
		6B7428002AB9578600BA7E2C /* Pretendard-Light.ttf */ = {isa = PBXFileReference; lastKnownFileType = file; path = "Pretendard-Light.ttf"; sourceTree = "<group>"; };
		6B7428012AB9578600BA7E2C /* Pretendard-Regular.ttf */ = {isa = PBXFileReference; lastKnownFileType = file; path = "Pretendard-Regular.ttf"; sourceTree = "<group>"; };
		6B7428022AB9578600BA7E2C /* Pretendard-Bold.ttf */ = {isa = PBXFileReference; lastKnownFileType = text; path = "Pretendard-Bold.ttf"; sourceTree = "<group>"; };
		6B7428032AB9578600BA7E2C /* Pretendard-SemiBold.ttf */ = {isa = PBXFileReference; lastKnownFileType = file; path = "Pretendard-SemiBold.ttf"; sourceTree = "<group>"; };
		6B7428042AB9578600BA7E2C /* Pretendard-Medium.ttf */ = {isa = PBXFileReference; lastKnownFileType = file; path = "Pretendard-Medium.ttf"; sourceTree = "<group>"; };
		6B7428052AB9578600BA7E2C /* Pretendard-ExtraBold.ttf */ = {isa = PBXFileReference; lastKnownFileType = file; path = "Pretendard-ExtraBold.ttf"; sourceTree = "<group>"; };
		6B7428062AB9578700BA7E2C /* Pretendard-ExtraLight.ttf */ = {isa = PBXFileReference; lastKnownFileType = file; path = "Pretendard-ExtraLight.ttf"; sourceTree = "<group>"; };
		6B7428072AB9578700BA7E2C /* Pretendard-Thin.ttf */ = {isa = PBXFileReference; lastKnownFileType = file; path = "Pretendard-Thin.ttf"; sourceTree = "<group>"; };
		6B7428082AB9578700BA7E2C /* Pretendard-Black.ttf */ = {isa = PBXFileReference; lastKnownFileType = file; path = "Pretendard-Black.ttf"; sourceTree = "<group>"; };
		6B7428092AB9580B00BA7E2C /* UIColor+Extension.swift */ = {isa = PBXFileReference; lastKnownFileType = sourcecode.swift; path = "UIColor+Extension.swift"; sourceTree = "<group>"; };
		6B742DA02AC02988002A784E /* UIViewController+Extension.swift */ = {isa = PBXFileReference; lastKnownFileType = sourcecode.swift; path = "UIViewController+Extension.swift"; sourceTree = "<group>"; };
		951261592ABB1CA20012B5F9 /* OnboardingViewController.swift */ = {isa = PBXFileReference; lastKnownFileType = sourcecode.swift; path = OnboardingViewController.swift; sourceTree = "<group>"; };
		9512615D2ABB1CE80012B5F9 /* OnboardingCollectionViewCell.swift */ = {isa = PBXFileReference; lastKnownFileType = sourcecode.swift; path = OnboardingCollectionViewCell.swift; sourceTree = "<group>"; };
		951261622ABD970C0012B5F9 /* LoginViewController.swift */ = {isa = PBXFileReference; lastKnownFileType = sourcecode.swift; path = LoginViewController.swift; sourceTree = "<group>"; };
		951261642ABD97100012B5F9 /* LoginView.swift */ = {isa = PBXFileReference; lastKnownFileType = sourcecode.swift; path = LoginView.swift; sourceTree = "<group>"; };
		951261672ABF4ED20012B5F9 /* Storage.swift */ = {isa = PBXFileReference; lastKnownFileType = sourcecode.swift; path = Storage.swift; sourceTree = "<group>"; };
		951261862AC02D560012B5F9 /* URLConst.swift */ = {isa = PBXFileReference; lastKnownFileType = sourcecode.swift; path = URLConst.swift; sourceTree = "<group>"; };
		9512618A2AC02E090012B5F9 /* MoyaLoggerPlugin.swift */ = {isa = PBXFileReference; lastKnownFileType = sourcecode.swift; path = MoyaLoggerPlugin.swift; sourceTree = "<group>"; };
		9512618F2AC02EA70012B5F9 /* NetworkResult.swift */ = {isa = PBXFileReference; lastKnownFileType = sourcecode.swift; path = NetworkResult.swift; sourceTree = "<group>"; };
		951261932AC02EC60012B5F9 /* BlankDataResponse.swift */ = {isa = PBXFileReference; lastKnownFileType = sourcecode.swift; path = BlankDataResponse.swift; sourceTree = "<group>"; };
		9512619A2AC0371C0012B5F9 /* AKKIN.entitlements */ = {isa = PBXFileReference; lastKnownFileType = text.plist.entitlements; path = AKKIN.entitlements; sourceTree = "<group>"; };
		9512619D2AC055190012B5F9 /* AuthAPI.swift */ = {isa = PBXFileReference; lastKnownFileType = sourcecode.swift; path = AuthAPI.swift; sourceTree = "<group>"; };
		9512619F2AC05B6F0012B5F9 /* AuthService.swift */ = {isa = PBXFileReference; lastKnownFileType = sourcecode.swift; path = AuthService.swift; sourceTree = "<group>"; };
		951261A12AC061560012B5F9 /* NetworkService.swift */ = {isa = PBXFileReference; lastKnownFileType = sourcecode.swift; path = NetworkService.swift; sourceTree = "<group>"; };
		951261A82AC19A2B0012B5F9 /* MainAPI.swift */ = {isa = PBXFileReference; lastKnownFileType = sourcecode.swift; path = MainAPI.swift; sourceTree = "<group>"; };
		951261AA2AC19A370012B5F9 /* MainService.swift */ = {isa = PBXFileReference; lastKnownFileType = sourcecode.swift; path = MainService.swift; sourceTree = "<group>"; };
		951261B12AC1A8890012B5F9 /* WeeklyResponse.swift */ = {isa = PBXFileReference; lastKnownFileType = sourcecode.swift; path = WeeklyResponse.swift; sourceTree = "<group>"; };
		951261B32AC1A8920012B5F9 /* MonthlyResponse.swift */ = {isa = PBXFileReference; lastKnownFileType = sourcecode.swift; path = MonthlyResponse.swift; sourceTree = "<group>"; };
		951261B52AC1A89E0012B5F9 /* MonthlyService.swift */ = {isa = PBXFileReference; lastKnownFileType = sourcecode.swift; path = MonthlyService.swift; sourceTree = "<group>"; };
		951261B92AC1A8AC0012B5F9 /* WeeklyAPI.swift */ = {isa = PBXFileReference; lastKnownFileType = sourcecode.swift; path = WeeklyAPI.swift; sourceTree = "<group>"; };
		951261BB2AC1A8BA0012B5F9 /* MonthlyAPI.swift */ = {isa = PBXFileReference; lastKnownFileType = sourcecode.swift; path = MonthlyAPI.swift; sourceTree = "<group>"; };
		951261C02AC1B00D0012B5F9 /* GulbiService.swift */ = {isa = PBXFileReference; lastKnownFileType = sourcecode.swift; path = GulbiService.swift; sourceTree = "<group>"; };
		951261C42AC1DE110012B5F9 /* UserDefault.swift */ = {isa = PBXFileReference; lastKnownFileType = sourcecode.swift; path = UserDefault.swift; sourceTree = "<group>"; };
		951261C62AC1DE280012B5F9 /* UserDefaultHandler.swift */ = {isa = PBXFileReference; lastKnownFileType = sourcecode.swift; path = UserDefaultHandler.swift; sourceTree = "<group>"; };
		953650762C64566A00F58D13 /* EmptyHomeView.swift */ = {isa = PBXFileReference; lastKnownFileType = sourcecode.swift; path = EmptyHomeView.swift; sourceTree = "<group>"; };
		953650782C64567700F58D13 /* EmptyHomeViewController.swift */ = {isa = PBXFileReference; lastKnownFileType = sourcecode.swift; path = EmptyHomeViewController.swift; sourceTree = "<group>"; };
		9536507B2C6456C500F58D13 /* HabitView.swift */ = {isa = PBXFileReference; lastKnownFileType = sourcecode.swift; path = HabitView.swift; sourceTree = "<group>"; };
		9536507D2C6456CE00F58D13 /* HabitViewController.swift */ = {isa = PBXFileReference; lastKnownFileType = sourcecode.swift; path = HabitViewController.swift; sourceTree = "<group>"; };
		953650812C6457ED00F58D13 /* PlanExpenseViewController.swift */ = {isa = PBXFileReference; lastKnownFileType = sourcecode.swift; path = PlanExpenseViewController.swift; sourceTree = "<group>"; };
		953650832C6457F400F58D13 /* PlanExpenseView.swift */ = {isa = PBXFileReference; lastKnownFileType = sourcecode.swift; path = PlanExpenseView.swift; sourceTree = "<group>"; };
		953650852C6457FD00F58D13 /* AddExpenseViewController.swift */ = {isa = PBXFileReference; lastKnownFileType = sourcecode.swift; path = AddExpenseViewController.swift; sourceTree = "<group>"; };
		953650872C64580300F58D13 /* AddExpenseView.swift */ = {isa = PBXFileReference; lastKnownFileType = sourcecode.swift; path = AddExpenseView.swift; sourceTree = "<group>"; };
		9536508A2C64585700F58D13 /* MakeMoneyBoxViewController.swift */ = {isa = PBXFileReference; lastKnownFileType = sourcecode.swift; path = MakeMoneyBoxViewController.swift; sourceTree = "<group>"; };
		9536508C2C64585D00F58D13 /* MakeMoneyBoxView.swift */ = {isa = PBXFileReference; lastKnownFileType = sourcecode.swift; path = MakeMoneyBoxView.swift; sourceTree = "<group>"; };
		953650932C6458D700F58D13 /* AnalysisExpenseDetailView.swift */ = {isa = PBXFileReference; lastKnownFileType = sourcecode.swift; path = AnalysisExpenseDetailView.swift; sourceTree = "<group>"; };
		953650952C6458DE00F58D13 /* AnalysisExpenseDetailViewController.swift */ = {isa = PBXFileReference; lastKnownFileType = sourcecode.swift; path = AnalysisExpenseDetailViewController.swift; sourceTree = "<group>"; };
		953650972C6458ED00F58D13 /* CalendarViewController.swift */ = {isa = PBXFileReference; lastKnownFileType = sourcecode.swift; path = CalendarViewController.swift; sourceTree = "<group>"; };
		953650992C6458F200F58D13 /* CalendarView.swift */ = {isa = PBXFileReference; lastKnownFileType = sourcecode.swift; path = CalendarView.swift; sourceTree = "<group>"; };
		9536509B2C64590000F58D13 /* MyPageViewController.swift */ = {isa = PBXFileReference; lastKnownFileType = sourcecode.swift; path = MyPageViewController.swift; sourceTree = "<group>"; };
		9536509D2C64590700F58D13 /* MyPageView.swift */ = {isa = PBXFileReference; lastKnownFileType = sourcecode.swift; path = MyPageView.swift; sourceTree = "<group>"; };
		953650AA2C6462E400F58D13 /* TabBarViewController.swift */ = {isa = PBXFileReference; lastKnownFileType = sourcecode.swift; path = TabBarViewController.swift; sourceTree = "<group>"; };
		953650B42C6DC65200F58D13 /* UIStackView+Extension.swift */ = {isa = PBXFileReference; lastKnownFileType = sourcecode.swift; path = "UIStackView+Extension.swift"; sourceTree = "<group>"; };
		953650BC2C6DFCFC00F58D13 /* UIButton+Extension.swift */ = {isa = PBXFileReference; lastKnownFileType = sourcecode.swift; path = "UIButton+Extension.swift"; sourceTree = "<group>"; };
		953650BE2C6DFF6200F58D13 /* MonthAnalysisView.swift */ = {isa = PBXFileReference; lastKnownFileType = sourcecode.swift; path = MonthAnalysisView.swift; sourceTree = "<group>"; };
		953650C02C6E03E700F58D13 /* AnalysisView.swift */ = {isa = PBXFileReference; lastKnownFileType = sourcecode.swift; path = AnalysisView.swift; sourceTree = "<group>"; };
		953650C42C6E067800F58D13 /* DummyData.swift */ = {isa = PBXFileReference; lastKnownFileType = sourcecode.swift; path = DummyData.swift; sourceTree = "<group>"; };
		953650C72C6E125600F58D13 /* MonthAnalysisCollectionViewCell.swift */ = {isa = PBXFileReference; lastKnownFileType = sourcecode.swift; path = MonthAnalysisCollectionViewCell.swift; sourceTree = "<group>"; };
		953650C92C6E199700F58D13 /* Category.swift */ = {isa = PBXFileReference; lastKnownFileType = sourcecode.swift; path = Category.swift; sourceTree = "<group>"; };
		953650CB2C6F31D200F58D13 /* MonthAnalysisCollectionViewHeader.swift */ = {isa = PBXFileReference; lastKnownFileType = sourcecode.swift; path = MonthAnalysisCollectionViewHeader.swift; sourceTree = "<group>"; };
		953BF47D2B13AD13009F8FE4 /* AuthResponse.swift */ = {isa = PBXFileReference; lastKnownFileType = sourcecode.swift; path = AuthResponse.swift; sourceTree = "<group>"; };
		955100B02C76D85D00D80A9C /* CategoryDetailView.swift */ = {isa = PBXFileReference; lastKnownFileType = sourcecode.swift; path = CategoryDetailView.swift; sourceTree = "<group>"; };
		955100B22C76D86400D80A9C /* CategoryDetailViewController.swift */ = {isa = PBXFileReference; lastKnownFileType = sourcecode.swift; path = CategoryDetailViewController.swift; sourceTree = "<group>"; };
		955100B52C76E1B400D80A9C /* AnalysisExpenseEmptyView.swift */ = {isa = PBXFileReference; lastKnownFileType = sourcecode.swift; path = AnalysisExpenseEmptyView.swift; sourceTree = "<group>"; };
		955100B82C76E37200D80A9C /* AnalysisExpenseView.swift */ = {isa = PBXFileReference; lastKnownFileType = sourcecode.swift; path = AnalysisExpenseView.swift; sourceTree = "<group>"; };
		955201362CA04BBE006DB98C /* ExpenseListView.swift */ = {isa = PBXFileReference; lastKnownFileType = sourcecode.swift; path = ExpenseListView.swift; sourceTree = "<group>"; };
		955201382CA04BC4006DB98C /* ExpenseListViewController.swift */ = {isa = PBXFileReference; lastKnownFileType = sourcecode.swift; path = ExpenseListViewController.swift; sourceTree = "<group>"; };
		9552013B2CA04BDA006DB98C /* ExpenseDetailView.swift */ = {isa = PBXFileReference; lastKnownFileType = sourcecode.swift; path = ExpenseDetailView.swift; sourceTree = "<group>"; };
		9552013D2CA04BE0006DB98C /* ExpenseDetailViewController.swift */ = {isa = PBXFileReference; lastKnownFileType = sourcecode.swift; path = ExpenseDetailViewController.swift; sourceTree = "<group>"; };
		9552013F2CA06793006DB98C /* CalendarModel.swift */ = {isa = PBXFileReference; lastKnownFileType = sourcecode.swift; path = CalendarModel.swift; sourceTree = "<group>"; };
		955201412CA06B08006DB98C /* UILabel+Extension.swift */ = {isa = PBXFileReference; lastKnownFileType = sourcecode.swift; path = "UILabel+Extension.swift"; sourceTree = "<group>"; };
		955201432CA082B3006DB98C /* ExpenseListModel.swift */ = {isa = PBXFileReference; lastKnownFileType = sourcecode.swift; path = ExpenseListModel.swift; sourceTree = "<group>"; };
		95577D142C81D2AF008CFE0B /* MyPageTableViewHeader.swift */ = {isa = PBXFileReference; lastKnownFileType = sourcecode.swift; path = MyPageTableViewHeader.swift; sourceTree = "<group>"; };
		95577D162C81D2B6008CFE0B /* MyPageTableViewFooter.swift */ = {isa = PBXFileReference; lastKnownFileType = sourcecode.swift; path = MyPageTableViewFooter.swift; sourceTree = "<group>"; };
		95577D182C81D2BD008CFE0B /* MyPageTableViewCell.swift */ = {isa = PBXFileReference; lastKnownFileType = sourcecode.swift; path = MyPageTableViewCell.swift; sourceTree = "<group>"; };
		95577D202C81DE86008CFE0B /* HomeWidgetSettingView.swift */ = {isa = PBXFileReference; lastKnownFileType = sourcecode.swift; path = HomeWidgetSettingView.swift; sourceTree = "<group>"; };
		95577D222C81DE8D008CFE0B /* HomeWidgetSettingViewController.swift */ = {isa = PBXFileReference; lastKnownFileType = sourcecode.swift; path = HomeWidgetSettingViewController.swift; sourceTree = "<group>"; };
		95D004422B4D0160009D4DF3 /* String+Extension.swift */ = {isa = PBXFileReference; lastKnownFileType = sourcecode.swift; path = "String+Extension.swift"; sourceTree = "<group>"; };
		95E24FFB2AC2CA7200AB8DD5 /* StringLiteral.swift */ = {isa = PBXFileReference; lastKnownFileType = sourcecode.swift; path = StringLiteral.swift; sourceTree = "<group>"; };
		95E24FFD2AC2CA7800AB8DD5 /* ImageLiteral.swift */ = {isa = PBXFileReference; lastKnownFileType = sourcecode.swift; path = ImageLiteral.swift; sourceTree = "<group>"; };
		95E535CF2AB492F400FA2492 /* SplashViewController.swift */ = {isa = PBXFileReference; lastKnownFileType = sourcecode.swift; path = SplashViewController.swift; sourceTree = "<group>"; };
		95EF1C352C773BE400AD06A9 /* PlanExpenseGuideView.swift */ = {isa = PBXFileReference; lastKnownFileType = sourcecode.swift; path = PlanExpenseGuideView.swift; sourceTree = "<group>"; };
		95EF1C382C77471400AD06A9 /* AnalysisExpenseDetailEmptyView.swift */ = {isa = PBXFileReference; lastKnownFileType = sourcecode.swift; path = AnalysisExpenseDetailEmptyView.swift; sourceTree = "<group>"; };
		95EF1C532C7EDEE000AD06A9 /* MonthPickerView.swift */ = {isa = PBXFileReference; lastKnownFileType = sourcecode.swift; path = MonthPickerView.swift; sourceTree = "<group>"; };
		95EF1C552C7EDF0100AD06A9 /* SelectMonthNavigationBar.swift */ = {isa = PBXFileReference; lastKnownFileType = sourcecode.swift; path = SelectMonthNavigationBar.swift; sourceTree = "<group>"; };
		95EF1C572C7EDF2900AD06A9 /* SelectMonthViewController.swift */ = {isa = PBXFileReference; lastKnownFileType = sourcecode.swift; path = SelectMonthViewController.swift; sourceTree = "<group>"; };
		95EF1C592C7EDF9800AD06A9 /* SelectMonthTransitioningDelegate.swift */ = {isa = PBXFileReference; lastKnownFileType = sourcecode.swift; path = SelectMonthTransitioningDelegate.swift; sourceTree = "<group>"; };
		95EF1C5B2C7EDFE000AD06A9 /* SelectMonthPresentationController.swift */ = {isa = PBXFileReference; lastKnownFileType = sourcecode.swift; path = SelectMonthPresentationController.swift; sourceTree = "<group>"; };
		95EF1C5D2C7EEE5B00AD06A9 /* DataManager.swift */ = {isa = PBXFileReference; lastKnownFileType = sourcecode.swift; path = DataManager.swift; sourceTree = "<group>"; };
		BC94AD1D2AA5FE3A00A77052 /* AKKIN.app */ = {isa = PBXFileReference; explicitFileType = wrapper.application; includeInIndex = 0; path = AKKIN.app; sourceTree = BUILT_PRODUCTS_DIR; };
		BC94AD202AA5FE3A00A77052 /* AppDelegate.swift */ = {isa = PBXFileReference; lastKnownFileType = sourcecode.swift; path = AppDelegate.swift; sourceTree = "<group>"; };
		BC94AD222AA5FE3A00A77052 /* SceneDelegate.swift */ = {isa = PBXFileReference; lastKnownFileType = sourcecode.swift; path = SceneDelegate.swift; sourceTree = "<group>"; };
		BC94AD292AA5FE3B00A77052 /* Assets.xcassets */ = {isa = PBXFileReference; lastKnownFileType = folder.assetcatalog; path = Assets.xcassets; sourceTree = "<group>"; };
		BC94AD2C2AA5FE3B00A77052 /* Base */ = {isa = PBXFileReference; lastKnownFileType = file.storyboard; name = Base; path = Base.lproj/LaunchScreen.storyboard; sourceTree = "<group>"; };
		BC94AD2E2AA5FE3B00A77052 /* Info.plist */ = {isa = PBXFileReference; lastKnownFileType = text.plist.xml; path = Info.plist; sourceTree = "<group>"; };
		BC94AD462AA61A4800A77052 /* Int+Extension.swift */ = {isa = PBXFileReference; lastKnownFileType = sourcecode.swift; path = "Int+Extension.swift"; sourceTree = "<group>"; };
		BC94AD482AA61A8300A77052 /* BaseView.swift */ = {isa = PBXFileReference; lastKnownFileType = sourcecode.swift; path = BaseView.swift; sourceTree = "<group>"; };
		BC94AD4A2AA61B6C00A77052 /* BaseButton.swift */ = {isa = PBXFileReference; lastKnownFileType = sourcecode.swift; path = BaseButton.swift; sourceTree = "<group>"; };
		BC94AD4D2AA61CA500A77052 /* ExampleViewController.swift */ = {isa = PBXFileReference; lastKnownFileType = sourcecode.swift; path = ExampleViewController.swift; sourceTree = "<group>"; };
		BC94AD4F2AA61E6700A77052 /* BaseRouter.swift */ = {isa = PBXFileReference; lastKnownFileType = sourcecode.swift; path = BaseRouter.swift; sourceTree = "<group>"; };
		BC94AD512AA61F2000A77052 /* RequestProvider.swift */ = {isa = PBXFileReference; lastKnownFileType = sourcecode.swift; path = RequestProvider.swift; sourceTree = "<group>"; };
		BC94AD542AA61F5200A77052 /* ExampleAPI.swift */ = {isa = PBXFileReference; lastKnownFileType = sourcecode.swift; path = ExampleAPI.swift; sourceTree = "<group>"; };
		BC94AD562AA61FC300A77052 /* TargetType+Extension.swift */ = {isa = PBXFileReference; lastKnownFileType = sourcecode.swift; path = "TargetType+Extension.swift"; sourceTree = "<group>"; };
		BC94AD582AA6208900A77052 /* ExampleRequest.swift */ = {isa = PBXFileReference; lastKnownFileType = sourcecode.swift; path = ExampleRequest.swift; sourceTree = "<group>"; };
		BC94AD5A2AA621E200A77052 /* AppDependency.swift */ = {isa = PBXFileReference; lastKnownFileType = sourcecode.swift; path = AppDependency.swift; sourceTree = "<group>"; };
		BC94AD5D2AA6275000A77052 /* ExampleCustomView.swift */ = {isa = PBXFileReference; lastKnownFileType = sourcecode.swift; path = ExampleCustomView.swift; sourceTree = "<group>"; };
		BC94AD5F2AA6AB9400A77052 /* BaseViewController.swift */ = {isa = PBXFileReference; fileEncoding = 4; lastKnownFileType = sourcecode.swift; path = BaseViewController.swift; sourceTree = "<group>"; };
		E53F84292C8C98250005EBBE /* BaseCalendarView.swift */ = {isa = PBXFileReference; lastKnownFileType = sourcecode.swift; path = BaseCalendarView.swift; sourceTree = "<group>"; };
		E53F842C2C8C98560005EBBE /* CalendarCell.swift */ = {isa = PBXFileReference; lastKnownFileType = sourcecode.swift; path = CalendarCell.swift; sourceTree = "<group>"; };
		E53F84332C8DD6420005EBBE /* PlanExpenseModel.swift */ = {isa = PBXFileReference; lastKnownFileType = sourcecode.swift; path = PlanExpenseModel.swift; sourceTree = "<group>"; };
		E56ED7272C6E6DF50022413D /* SetPeriodViewController.swift */ = {isa = PBXFileReference; lastKnownFileType = sourcecode.swift; path = SetPeriodViewController.swift; sourceTree = "<group>"; };
		E56ED7292C6E6DFF0022413D /* SetPeriodView.swift */ = {isa = PBXFileReference; lastKnownFileType = sourcecode.swift; path = SetPeriodView.swift; sourceTree = "<group>"; };
		E5D34D8C2C85A5E100200C44 /* UITextField+Extension.swift */ = {isa = PBXFileReference; lastKnownFileType = sourcecode.swift; path = "UITextField+Extension.swift"; sourceTree = "<group>"; };
		E5D34D8E2C85A62300200C44 /* BaseTextField.swift */ = {isa = PBXFileReference; lastKnownFileType = sourcecode.swift; path = BaseTextField.swift; sourceTree = "<group>"; };
		E5F659D52C95C759001A08C7 /* HomeView.swift */ = {isa = PBXFileReference; lastKnownFileType = sourcecode.swift; path = HomeView.swift; sourceTree = "<group>"; };
		E5F659D92C9708B7001A08C7 /* CustomKeyboardViewController.swift */ = {isa = PBXFileReference; lastKnownFileType = sourcecode.swift; path = CustomKeyboardViewController.swift; sourceTree = "<group>"; };
		E5F659DB2C9709A8001A08C7 /* HomeViewController.swift */ = {isa = PBXFileReference; lastKnownFileType = sourcecode.swift; path = HomeViewController.swift; sourceTree = "<group>"; };
		E5F659DE2C9C9162001A08C7 /* ExpenseCategoryView.swift */ = {isa = PBXFileReference; lastKnownFileType = sourcecode.swift; path = ExpenseCategoryView.swift; sourceTree = "<group>"; };
		E5F659E02C9C9174001A08C7 /* ExpenseCategoryViewController.swift */ = {isa = PBXFileReference; lastKnownFileType = sourcecode.swift; path = ExpenseCategoryViewController.swift; sourceTree = "<group>"; };
		E5F659E22C9FE790001A08C7 /* ExpenseCategoryCell.swift */ = {isa = PBXFileReference; lastKnownFileType = sourcecode.swift; path = ExpenseCategoryCell.swift; sourceTree = "<group>"; };
		E5F659E42C9FEA50001A08C7 /* ExpenseCategoryModel.swift */ = {isa = PBXFileReference; lastKnownFileType = sourcecode.swift; path = ExpenseCategoryModel.swift; sourceTree = "<group>"; };
		E5F659E62CA00B49001A08C7 /* AddExpenseConfirmViewController.swift */ = {isa = PBXFileReference; lastKnownFileType = sourcecode.swift; path = AddExpenseConfirmViewController.swift; sourceTree = "<group>"; };
		E5F659E82CA00B57001A08C7 /* AddExpenseConfirmView.swift */ = {isa = PBXFileReference; lastKnownFileType = sourcecode.swift; path = AddExpenseConfirmView.swift; sourceTree = "<group>"; };
		E5F659EA2CA00FF4001A08C7 /* AddExpenseModel.swift */ = {isa = PBXFileReference; lastKnownFileType = sourcecode.swift; path = AddExpenseModel.swift; sourceTree = "<group>"; };
/* End PBXFileReference section */

/* Begin PBXFrameworksBuildPhase section */
		BC94AD1A2AA5FE3A00A77052 /* Frameworks */ = {
			isa = PBXFrameworksBuildPhase;
			buildActionMask = 2147483647;
			files = (
				C336C7CF2B5146E400A118F0 /* KakaoSDKCertCore in Frameworks */,
				951261DA2AC2A9380012B5F9 /* Toast in Frameworks */,
				C336C7C92B5146E400A118F0 /* KakaoSDK in Frameworks */,
				E53F84302C8C98850005EBBE /* FSCalendar in Frameworks */,
				BC94AD452AA619FC00A77052 /* SnapKit in Frameworks */,
				C336C7D12B5146E400A118F0 /* KakaoSDKCommon in Frameworks */,
				BC94AD3F2AA619CE00A77052 /* Moya in Frameworks */,
				BC94AD422AA619DC00A77052 /* Then in Frameworks */,
				C336C7CD2B5146E400A118F0 /* KakaoSDKCert in Frameworks */,
				C336C7CB2B5146E400A118F0 /* KakaoSDKAuth in Frameworks */,
			);
			runOnlyForDeploymentPostprocessing = 0;
		};
/* End PBXFrameworksBuildPhase section */

/* Begin PBXGroup section */
		6B7427FF2AB9562C00BA7E2C /* Fonts */ = {
			isa = PBXGroup;
			children = (
				6B7428082AB9578700BA7E2C /* Pretendard-Black.ttf */,
				6B7428022AB9578600BA7E2C /* Pretendard-Bold.ttf */,
				6B7428052AB9578600BA7E2C /* Pretendard-ExtraBold.ttf */,
				6B7428062AB9578700BA7E2C /* Pretendard-ExtraLight.ttf */,
				6B7428002AB9578600BA7E2C /* Pretendard-Light.ttf */,
				6B7428042AB9578600BA7E2C /* Pretendard-Medium.ttf */,
				6B7428012AB9578600BA7E2C /* Pretendard-Regular.ttf */,
				6B7428032AB9578600BA7E2C /* Pretendard-SemiBold.ttf */,
				6B7428072AB9578700BA7E2C /* Pretendard-Thin.ttf */,
			);
			path = Fonts;
			sourceTree = "<group>";
		};
		951261582ABB1C890012B5F9 /* Onboarding */ = {
			isa = PBXGroup;
			children = (
				951261592ABB1CA20012B5F9 /* OnboardingViewController.swift */,
				9512615D2ABB1CE80012B5F9 /* OnboardingCollectionViewCell.swift */,
			);
			path = Onboarding;
			sourceTree = "<group>";
		};
		951261612ABD96FB0012B5F9 /* Login */ = {
			isa = PBXGroup;
			children = (
				951261622ABD970C0012B5F9 /* LoginViewController.swift */,
				951261642ABD97100012B5F9 /* LoginView.swift */,
			);
			path = Login;
			sourceTree = "<group>";
		};
		9512618C2AC02E380012B5F9 /* Auth */ = {
			isa = PBXGroup;
			children = (
				9512619D2AC055190012B5F9 /* AuthAPI.swift */,
				9512619F2AC05B6F0012B5F9 /* AuthService.swift */,
				953BF47D2B13AD13009F8FE4 /* AuthResponse.swift */,
			);
			path = Auth;
			sourceTree = "<group>";
		};
		951261992AC030190012B5F9 /* Literal */ = {
			isa = PBXGroup;
			children = (
				951261862AC02D560012B5F9 /* URLConst.swift */,
				95E24FFB2AC2CA7200AB8DD5 /* StringLiteral.swift */,
				95E24FFD2AC2CA7800AB8DD5 /* ImageLiteral.swift */,
			);
			path = Literal;
			sourceTree = "<group>";
		};
		951261A52AC19A0C0012B5F9 /* Main */ = {
			isa = PBXGroup;
			children = (
				951261A82AC19A2B0012B5F9 /* MainAPI.swift */,
				951261AA2AC19A370012B5F9 /* MainService.swift */,
				6B5B83982AC1EE8C00CD0AFC /* MainResponse.swift */,
			);
			path = Main;
			sourceTree = "<group>";
		};
		951261AF2AC1A8750012B5F9 /* Weekly */ = {
			isa = PBXGroup;
			children = (
				951261B92AC1A8AC0012B5F9 /* WeeklyAPI.swift */,
				6B5B839A2AC1EEB300CD0AFC /* WeeklyService.swift */,
				951261B12AC1A8890012B5F9 /* WeeklyResponse.swift */,
			);
			path = Weekly;
			sourceTree = "<group>";
		};
		951261B02AC1A87C0012B5F9 /* Monthly */ = {
			isa = PBXGroup;
			children = (
				951261BB2AC1A8BA0012B5F9 /* MonthlyAPI.swift */,
				951261B52AC1A89E0012B5F9 /* MonthlyService.swift */,
				951261B32AC1A8920012B5F9 /* MonthlyResponse.swift */,
			);
			path = Monthly;
			sourceTree = "<group>";
		};
		951261BD2AC1AE8B0012B5F9 /* Gulbi */ = {
			isa = PBXGroup;
			children = (
				951261C02AC1B00D0012B5F9 /* GulbiService.swift */,
				6B5B83922AC1ED4300CD0AFC /* GulbiAPI.swift */,
				6B5B83942AC1EDB700CD0AFC /* GulbiResponse.swift */,
			);
			path = Gulbi;
			sourceTree = "<group>";
		};
		953650752C64565400F58D13 /* Home */ = {
			isa = PBXGroup;
			children = (
				953650782C64567700F58D13 /* EmptyHomeViewController.swift */,
				953650762C64566A00F58D13 /* EmptyHomeView.swift */,
				E5F659D52C95C759001A08C7 /* HomeView.swift */,
				E5F659DB2C9709A8001A08C7 /* HomeViewController.swift */,
				9536507F2C64574C00F58D13 /* PlanExpense */,
				953650802C6457A100F58D13 /* AddExpense */,
			);
			path = Home;
			sourceTree = "<group>";
		};
		9536507A2C6456B600F58D13 /* Habit */ = {
			isa = PBXGroup;
			children = (
				9536507D2C6456CE00F58D13 /* HabitViewController.swift */,
				9536507B2C6456C500F58D13 /* HabitView.swift */,
				955100B42C76E1A700D80A9C /* Empty */,
				955100B72C76E2FB00D80A9C /* NonEmpty */,
				953650892C64584200F58D13 /* MakeMoneyBox */,
				953650922C6458C700F58D13 /* AnalysisExpenseDetail */,
			);
			path = Habit;
			sourceTree = "<group>";
		};
		9536507F2C64574C00F58D13 /* PlanExpense */ = {
			isa = PBXGroup;
			children = (
				953650812C6457ED00F58D13 /* PlanExpenseViewController.swift */,
				953650832C6457F400F58D13 /* PlanExpenseView.swift */,
				E53F84332C8DD6420005EBBE /* PlanExpenseModel.swift */,
				E56ED7262C6E6D930022413D /* SetPeriodView */,
			);
			path = PlanExpense;
			sourceTree = "<group>";
		};
		953650802C6457A100F58D13 /* AddExpense */ = {
			isa = PBXGroup;
			children = (
				953650852C6457FD00F58D13 /* AddExpenseViewController.swift */,
				953650872C64580300F58D13 /* AddExpenseView.swift */,
				E5F659E62CA00B49001A08C7 /* AddExpenseConfirmViewController.swift */,
				E5F659E82CA00B57001A08C7 /* AddExpenseConfirmView.swift */,
				E5F659EA2CA00FF4001A08C7 /* AddExpenseModel.swift */,
				E5F659DD2C9C9124001A08C7 /* ExpenseCategory */,
			);
			path = AddExpense;
			sourceTree = "<group>";
		};
		953650892C64584200F58D13 /* MakeMoneyBox */ = {
			isa = PBXGroup;
			children = (
				9536508A2C64585700F58D13 /* MakeMoneyBoxViewController.swift */,
				9536508C2C64585D00F58D13 /* MakeMoneyBoxView.swift */,
			);
			path = MakeMoneyBox;
			sourceTree = "<group>";
		};
		9536508E2C64587F00F58D13 /* MyPage */ = {
			isa = PBXGroup;
			children = (
				9536509B2C64590000F58D13 /* MyPageViewController.swift */,
				9536509D2C64590700F58D13 /* MyPageView.swift */,
				95577D142C81D2AF008CFE0B /* MyPageTableViewHeader.swift */,
				95577D162C81D2B6008CFE0B /* MyPageTableViewFooter.swift */,
				95577D182C81D2BD008CFE0B /* MyPageTableViewCell.swift */,
				95577D1F2C81DE7F008CFE0B /* HomeWidgetSetting */,
			);
			path = MyPage;
			sourceTree = "<group>";
		};
		9536508F2C64588600F58D13 /* Calendar */ = {
			isa = PBXGroup;
			children = (
				953650972C6458ED00F58D13 /* CalendarViewController.swift */,
				953650992C6458F200F58D13 /* CalendarView.swift */,
				9552013F2CA06793006DB98C /* CalendarModel.swift */,
				955201352CA04BAD006DB98C /* ExpenseList */,
			);
			path = Calendar;
			sourceTree = "<group>";
		};
		953650922C6458C700F58D13 /* AnalysisExpenseDetail */ = {
			isa = PBXGroup;
			children = (
				953650952C6458DE00F58D13 /* AnalysisExpenseDetailViewController.swift */,
				953650932C6458D700F58D13 /* AnalysisExpenseDetailView.swift */,
				953650BE2C6DFF6200F58D13 /* MonthAnalysisView.swift */,
				953650C02C6E03E700F58D13 /* AnalysisView.swift */,
				95EF1C372C77470500AD06A9 /* Empty */,
				953650C62C6E124D00F58D13 /* Cell */,
				95EF1C522C7EDEB700AD06A9 /* MonthPicker */,
				955100AF2C76D84A00D80A9C /* CategoryDetail */,
			);
			path = AnalysisExpenseDetail;
			sourceTree = "<group>";
		};
		953650A82C6462CE00F58D13 /* TabBar */ = {
			isa = PBXGroup;
			children = (
				953650AA2C6462E400F58D13 /* TabBarViewController.swift */,
			);
			path = TabBar;
			sourceTree = "<group>";
		};
		953650C62C6E124D00F58D13 /* Cell */ = {
			isa = PBXGroup;
			children = (
				953650C72C6E125600F58D13 /* MonthAnalysisCollectionViewCell.swift */,
				953650CB2C6F31D200F58D13 /* MonthAnalysisCollectionViewHeader.swift */,
				95EF1C352C773BE400AD06A9 /* PlanExpenseGuideView.swift */,
			);
			path = Cell;
			sourceTree = "<group>";
		};
		955100AF2C76D84A00D80A9C /* CategoryDetail */ = {
			isa = PBXGroup;
			children = (
				955100B22C76D86400D80A9C /* CategoryDetailViewController.swift */,
				955100B02C76D85D00D80A9C /* CategoryDetailView.swift */,
			);
			path = CategoryDetail;
			sourceTree = "<group>";
		};
		955100B42C76E1A700D80A9C /* Empty */ = {
			isa = PBXGroup;
			children = (
				955100B52C76E1B400D80A9C /* AnalysisExpenseEmptyView.swift */,
			);
			path = Empty;
			sourceTree = "<group>";
		};
		955100B72C76E2FB00D80A9C /* NonEmpty */ = {
			isa = PBXGroup;
			children = (
				955100B82C76E37200D80A9C /* AnalysisExpenseView.swift */,
			);
			path = NonEmpty;
			sourceTree = "<group>";
		};
		955201352CA04BAD006DB98C /* ExpenseList */ = {
			isa = PBXGroup;
			children = (
				955201362CA04BBE006DB98C /* ExpenseListView.swift */,
				955201382CA04BC4006DB98C /* ExpenseListViewController.swift */,
				955201432CA082B3006DB98C /* ExpenseListModel.swift */,
				9552013A2CA04BCE006DB98C /* ExpenseDetail */,
			);
			path = ExpenseList;
			sourceTree = "<group>";
		};
		9552013A2CA04BCE006DB98C /* ExpenseDetail */ = {
			isa = PBXGroup;
			children = (
				9552013B2CA04BDA006DB98C /* ExpenseDetailView.swift */,
				9552013D2CA04BE0006DB98C /* ExpenseDetailViewController.swift */,
			);
			path = ExpenseDetail;
			sourceTree = "<group>";
		};
		95577D1F2C81DE7F008CFE0B /* HomeWidgetSetting */ = {
			isa = PBXGroup;
			children = (
				95577D222C81DE8D008CFE0B /* HomeWidgetSettingViewController.swift */,
				95577D202C81DE86008CFE0B /* HomeWidgetSettingView.swift */,
			);
			path = HomeWidgetSetting;
			sourceTree = "<group>";
		};
		95E535CE2AB492E500FA2492 /* Splash */ = {
			isa = PBXGroup;
			children = (
				95E535CF2AB492F400FA2492 /* SplashViewController.swift */,
			);
			path = Splash;
			sourceTree = "<group>";
		};
		95EF1C372C77470500AD06A9 /* Empty */ = {
			isa = PBXGroup;
			children = (
				95EF1C382C77471400AD06A9 /* AnalysisExpenseDetailEmptyView.swift */,
			);
			path = Empty;
			sourceTree = "<group>";
		};
		95EF1C522C7EDEB700AD06A9 /* MonthPicker */ = {
			isa = PBXGroup;
			children = (
				95EF1C532C7EDEE000AD06A9 /* MonthPickerView.swift */,
				95EF1C552C7EDF0100AD06A9 /* SelectMonthNavigationBar.swift */,
				95EF1C572C7EDF2900AD06A9 /* SelectMonthViewController.swift */,
				95EF1C592C7EDF9800AD06A9 /* SelectMonthTransitioningDelegate.swift */,
				95EF1C5B2C7EDFE000AD06A9 /* SelectMonthPresentationController.swift */,
			);
			path = MonthPicker;
			sourceTree = "<group>";
		};
		BC94AD142AA5FE3A00A77052 = {
			isa = PBXGroup;
			children = (
				BC94AD1F2AA5FE3A00A77052 /* AKKIN */,
				BC94AD1E2AA5FE3A00A77052 /* Products */,
			);
			sourceTree = "<group>";
		};
		BC94AD1E2AA5FE3A00A77052 /* Products */ = {
			isa = PBXGroup;
			children = (
				BC94AD1D2AA5FE3A00A77052 /* AKKIN.app */,
			);
			name = Products;
			sourceTree = "<group>";
		};
		BC94AD1F2AA5FE3A00A77052 /* AKKIN */ = {
			isa = PBXGroup;
			children = (
				9512619A2AC0371C0012B5F9 /* AKKIN.entitlements */,
				BC94AD3A2AA618F000A77052 /* Resource */,
				BC94AD392AA618DE00A77052 /* Support */,
				BC94AD382AA618CC00A77052 /* Extension */,
				953650C42C6E067800F58D13 /* DummyData.swift */,
				95EF1C5D2C7EEE5B00AD06A9 /* DataManager.swift */,
				BC94AD362AA618B100A77052 /* Networking */,
				BC94AD352AA6189600A77052 /* Presentation */,
				BC94AD342AA6188900A77052 /* App */,
				BC94AD2B2AA5FE3B00A77052 /* LaunchScreen.storyboard */,
			);
			path = AKKIN;
			sourceTree = "<group>";
		};
		BC94AD342AA6188900A77052 /* App */ = {
			isa = PBXGroup;
			children = (
				BC94AD202AA5FE3A00A77052 /* AppDelegate.swift */,
				BC94AD222AA5FE3A00A77052 /* SceneDelegate.swift */,
				BC94AD5A2AA621E200A77052 /* AppDependency.swift */,
				951261C42AC1DE110012B5F9 /* UserDefault.swift */,
				951261C62AC1DE280012B5F9 /* UserDefaultHandler.swift */,
				951261672ABF4ED20012B5F9 /* Storage.swift */,
			);
			path = App;
			sourceTree = "<group>";
		};
		BC94AD352AA6189600A77052 /* Presentation */ = {
			isa = PBXGroup;
			children = (
				95E535CE2AB492E500FA2492 /* Splash */,
				951261582ABB1C890012B5F9 /* Onboarding */,
				951261612ABD96FB0012B5F9 /* Login */,
				953650752C64565400F58D13 /* Home */,
				9536507A2C6456B600F58D13 /* Habit */,
				9536508F2C64588600F58D13 /* Calendar */,
				9536508E2C64587F00F58D13 /* MyPage */,
				953650A82C6462CE00F58D13 /* TabBar */,
				BC94AD4C2AA61C9600A77052 /* Example */,
				BC94AD372AA618C400A77052 /* Base */,
			);
			path = Presentation;
			sourceTree = "<group>";
		};
		BC94AD362AA618B100A77052 /* Networking */ = {
			isa = PBXGroup;
			children = (
				BC94AD532AA61F4800A77052 /* Example */,
				9512618C2AC02E380012B5F9 /* Auth */,
				951261A52AC19A0C0012B5F9 /* Main */,
				951261BD2AC1AE8B0012B5F9 /* Gulbi */,
				951261AF2AC1A8750012B5F9 /* Weekly */,
				951261B02AC1A87C0012B5F9 /* Monthly */,
				9512618A2AC02E090012B5F9 /* MoyaLoggerPlugin.swift */,
				9512618F2AC02EA70012B5F9 /* NetworkResult.swift */,
				BC94AD562AA61FC300A77052 /* TargetType+Extension.swift */,
				BC94AD512AA61F2000A77052 /* RequestProvider.swift */,
				951261A12AC061560012B5F9 /* NetworkService.swift */,
				951261932AC02EC60012B5F9 /* BlankDataResponse.swift */,
				6B5B83962AC1EE4800CD0AFC /* ErrorResponse.swift */,
			);
			path = Networking;
			sourceTree = "<group>";
		};
		BC94AD372AA618C400A77052 /* Base */ = {
			isa = PBXGroup;
			children = (
				E53F842B2C8C98350005EBBE /* BaseCalendarView */,
				BC94AD5F2AA6AB9400A77052 /* BaseViewController.swift */,
				BC94AD482AA61A8300A77052 /* BaseView.swift */,
				BC94AD4A2AA61B6C00A77052 /* BaseButton.swift */,
				BC94AD4F2AA61E6700A77052 /* BaseRouter.swift */,
				E5D34D8E2C85A62300200C44 /* BaseTextField.swift */,
				E5F659D92C9708B7001A08C7 /* CustomKeyboardViewController.swift */,
			);
			path = Base;
			sourceTree = "<group>";
		};
		BC94AD382AA618CC00A77052 /* Extension */ = {
			isa = PBXGroup;
			children = (
				BC94AD462AA61A4800A77052 /* Int+Extension.swift */,
				95D004422B4D0160009D4DF3 /* String+Extension.swift */,
				6B117F6A2ABC865A000B03F7 /* UIResponder + Extension.swift */,
				6B7428092AB9580B00BA7E2C /* UIColor+Extension.swift */,
				6B742DA02AC02988002A784E /* UIViewController+Extension.swift */,
				953650B42C6DC65200F58D13 /* UIStackView+Extension.swift */,
				E5D34D8C2C85A5E100200C44 /* UITextField+Extension.swift */,
				953650BC2C6DFCFC00F58D13 /* UIButton+Extension.swift */,
				955201412CA06B08006DB98C /* UILabel+Extension.swift */,
				951261992AC030190012B5F9 /* Literal */,
				953650C92C6E199700F58D13 /* Category.swift */,
			);
			path = Extension;
			sourceTree = "<group>";
		};
		BC94AD392AA618DE00A77052 /* Support */ = {
			isa = PBXGroup;
			children = (
				BC94AD2E2AA5FE3B00A77052 /* Info.plist */,
			);
			path = Support;
			sourceTree = "<group>";
		};
		BC94AD3A2AA618F000A77052 /* Resource */ = {
			isa = PBXGroup;
			children = (
				6B7427FF2AB9562C00BA7E2C /* Fonts */,
				BC94AD292AA5FE3B00A77052 /* Assets.xcassets */,
			);
			path = Resource;
			sourceTree = "<group>";
		};
		BC94AD4C2AA61C9600A77052 /* Example */ = {
			isa = PBXGroup;
			children = (
				BC94AD5C2AA6274500A77052 /* Views  */,
				BC94AD4D2AA61CA500A77052 /* ExampleViewController.swift */,
			);
			path = Example;
			sourceTree = "<group>";
		};
		BC94AD532AA61F4800A77052 /* Example */ = {
			isa = PBXGroup;
			children = (
				BC94AD542AA61F5200A77052 /* ExampleAPI.swift */,
				BC94AD582AA6208900A77052 /* ExampleRequest.swift */,
			);
			path = Example;
			sourceTree = "<group>";
		};
		BC94AD5C2AA6274500A77052 /* Views  */ = {
			isa = PBXGroup;
			children = (
				BC94AD5D2AA6275000A77052 /* ExampleCustomView.swift */,
			);
			path = "Views ";
			sourceTree = "<group>";
		};
		E53F842B2C8C98350005EBBE /* BaseCalendarView */ = {
			isa = PBXGroup;
			children = (
				E53F84292C8C98250005EBBE /* BaseCalendarView.swift */,
				E53F842C2C8C98560005EBBE /* CalendarCell.swift */,
			);
			path = BaseCalendarView;
			sourceTree = "<group>";
		};
		E56ED7262C6E6D930022413D /* SetPeriodView */ = {
			isa = PBXGroup;
			children = (
				E56ED7272C6E6DF50022413D /* SetPeriodViewController.swift */,
				E56ED7292C6E6DFF0022413D /* SetPeriodView.swift */,
			);
			path = SetPeriodView;
			sourceTree = "<group>";
		};
		E5F659DD2C9C9124001A08C7 /* ExpenseCategory */ = {
			isa = PBXGroup;
			children = (
				E5F659E02C9C9174001A08C7 /* ExpenseCategoryViewController.swift */,
				E5F659DE2C9C9162001A08C7 /* ExpenseCategoryView.swift */,
				E5F659E22C9FE790001A08C7 /* ExpenseCategoryCell.swift */,
				E5F659E42C9FEA50001A08C7 /* ExpenseCategoryModel.swift */,
			);
			path = ExpenseCategory;
			sourceTree = "<group>";
		};
/* End PBXGroup section */

/* Begin PBXNativeTarget section */
		BC94AD1C2AA5FE3A00A77052 /* AKKIN */ = {
			isa = PBXNativeTarget;
			buildConfigurationList = BC94AD312AA5FE3B00A77052 /* Build configuration list for PBXNativeTarget "AKKIN" */;
			buildPhases = (
				BC94AD192AA5FE3A00A77052 /* Sources */,
				BC94AD1A2AA5FE3A00A77052 /* Frameworks */,
				BC94AD1B2AA5FE3A00A77052 /* Resources */,
			);
			buildRules = (
			);
			dependencies = (
			);
			name = AKKIN;
			packageProductDependencies = (
				BC94AD3E2AA619CE00A77052 /* Moya */,
				BC94AD412AA619DC00A77052 /* Then */,
				BC94AD442AA619FC00A77052 /* SnapKit */,
				951261D92AC2A9380012B5F9 /* Toast */,
				C336C7C82B5146E400A118F0 /* KakaoSDK */,
				C336C7CA2B5146E400A118F0 /* KakaoSDKAuth */,
				C336C7CC2B5146E400A118F0 /* KakaoSDKCert */,
				C336C7CE2B5146E400A118F0 /* KakaoSDKCertCore */,
				C336C7D02B5146E400A118F0 /* KakaoSDKCommon */,
				E53F842F2C8C98850005EBBE /* FSCalendar */,
			);
			productName = AKKIN;
			productReference = BC94AD1D2AA5FE3A00A77052 /* AKKIN.app */;
			productType = "com.apple.product-type.application";
		};
/* End PBXNativeTarget section */

/* Begin PBXProject section */
		BC94AD152AA5FE3A00A77052 /* Project object */ = {
			isa = PBXProject;
			attributes = {
				BuildIndependentTargetsInParallel = 1;
				LastSwiftUpdateCheck = 1430;
				LastUpgradeCheck = 1430;
				TargetAttributes = {
					BC94AD1C2AA5FE3A00A77052 = {
						CreatedOnToolsVersion = 14.3.1;
					};
				};
			};
			buildConfigurationList = BC94AD182AA5FE3A00A77052 /* Build configuration list for PBXProject "AKKIN" */;
			compatibilityVersion = "Xcode 14.0";
			developmentRegion = en;
			hasScannedForEncodings = 0;
			knownRegions = (
				en,
				Base,
			);
			mainGroup = BC94AD142AA5FE3A00A77052;
			packageReferences = (
				BC94AD3D2AA619CE00A77052 /* XCRemoteSwiftPackageReference "Moya" */,
				BC94AD402AA619DC00A77052 /* XCRemoteSwiftPackageReference "Then" */,
				BC94AD432AA619FC00A77052 /* XCRemoteSwiftPackageReference "SnapKit" */,
				951261D82AC2A9380012B5F9 /* XCRemoteSwiftPackageReference "Toast-Swift" */,
				C336C7C72B5146E400A118F0 /* XCRemoteSwiftPackageReference "kakao-ios-sdk" */,
				E53F842E2C8C98840005EBBE /* XCRemoteSwiftPackageReference "FSCalendar" */,
			);
			productRefGroup = BC94AD1E2AA5FE3A00A77052 /* Products */;
			projectDirPath = "";
			projectRoot = "";
			targets = (
				BC94AD1C2AA5FE3A00A77052 /* AKKIN */,
			);
		};
/* End PBXProject section */

/* Begin PBXResourcesBuildPhase section */
		BC94AD1B2AA5FE3A00A77052 /* Resources */ = {
			isa = PBXResourcesBuildPhase;
			buildActionMask = 2147483647;
			files = (
				BC94AD2D2AA5FE3B00A77052 /* LaunchScreen.storyboard in Resources */,
				BC94AD2A2AA5FE3B00A77052 /* Assets.xcassets in Resources */,
			);
			runOnlyForDeploymentPostprocessing = 0;
		};
/* End PBXResourcesBuildPhase section */

/* Begin PBXSourcesBuildPhase section */
		BC94AD192AA5FE3A00A77052 /* Sources */ = {
			isa = PBXSourcesBuildPhase;
			buildActionMask = 2147483647;
			files = (
				955201442CA082B3006DB98C /* ExpenseListModel.swift in Sources */,
				E56ED7282C6E6DF50022413D /* SetPeriodViewController.swift in Sources */,
				BC94AD472AA61A4800A77052 /* Int+Extension.swift in Sources */,
				6B555DA92ABF2A5900E065F2 /* (null) in Sources */,
				953650962C6458DE00F58D13 /* AnalysisExpenseDetailViewController.swift in Sources */,
				955100B32C76D86400D80A9C /* CategoryDetailViewController.swift in Sources */,
				951261B62AC1A89E0012B5F9 /* MonthlyService.swift in Sources */,
				9536507C2C6456C500F58D13 /* HabitView.swift in Sources */,
				6B5B839B2AC1EEB300CD0AFC /* WeeklyService.swift in Sources */,
				BC94AD4E2AA61CA500A77052 /* ExampleViewController.swift in Sources */,
				9536508B2C64585700F58D13 /* MakeMoneyBoxViewController.swift in Sources */,
				9552013E2CA04BE0006DB98C /* ExpenseDetailViewController.swift in Sources */,
				BC94AD502AA61E6700A77052 /* BaseRouter.swift in Sources */,
				9536507E2C6456CE00F58D13 /* HabitViewController.swift in Sources */,
				E5F659E52C9FEA50001A08C7 /* ExpenseCategoryModel.swift in Sources */,
				E5F659D62C95C759001A08C7 /* HomeView.swift in Sources */,
				955100B92C76E37200D80A9C /* AnalysisExpenseView.swift in Sources */,
				9512618B2AC02E090012B5F9 /* MoyaLoggerPlugin.swift in Sources */,
				E5F659DA2C9708B7001A08C7 /* CustomKeyboardViewController.swift in Sources */,
				E5F659EB2CA00FF4001A08C7 /* AddExpenseModel.swift in Sources */,
				6B117F6B2ABC865A000B03F7 /* UIResponder + Extension.swift in Sources */,
				BC94AD552AA61F5200A77052 /* ExampleAPI.swift in Sources */,
				E53F842A2C8C98250005EBBE /* BaseCalendarView.swift in Sources */,
				E56ED72A2C6E6DFF0022413D /* SetPeriodView.swift in Sources */,
				953650BD2C6DFCFC00F58D13 /* UIButton+Extension.swift in Sources */,
				95D004432B4D0160009D4DF3 /* String+Extension.swift in Sources */,
				9512615E2ABB1CE80012B5F9 /* OnboardingCollectionViewCell.swift in Sources */,
				955201372CA04BBE006DB98C /* ExpenseListView.swift in Sources */,
				95EF1C582C7EDF2900AD06A9 /* SelectMonthViewController.swift in Sources */,
				95EF1C362C773BE400AD06A9 /* PlanExpenseGuideView.swift in Sources */,
				95577D152C81D2AF008CFE0B /* MyPageTableViewHeader.swift in Sources */,
				95577D192C81D2BD008CFE0B /* MyPageTableViewCell.swift in Sources */,
				BC94AD5B2AA621E200A77052 /* AppDependency.swift in Sources */,
				953650982C6458ED00F58D13 /* CalendarViewController.swift in Sources */,
				6B5B83932AC1ED4300CD0AFC /* GulbiAPI.swift in Sources */,
				6B74280A2AB9580B00BA7E2C /* UIColor+Extension.swift in Sources */,
				BC94AD602AA6AB9400A77052 /* BaseViewController.swift in Sources */,
				951261942AC02EC60012B5F9 /* BlankDataResponse.swift in Sources */,
				951261B42AC1A8920012B5F9 /* MonthlyResponse.swift in Sources */,
				951261BA2AC1A8AC0012B5F9 /* WeeklyAPI.swift in Sources */,
				953650CC2C6F31D200F58D13 /* MonthAnalysisCollectionViewHeader.swift in Sources */,
				95EF1C562C7EDF0100AD06A9 /* SelectMonthNavigationBar.swift in Sources */,
				951261632ABD970C0012B5F9 /* LoginViewController.swift in Sources */,
				953650882C64580300F58D13 /* AddExpenseView.swift in Sources */,
				951261BC2AC1A8BA0012B5F9 /* MonthlyAPI.swift in Sources */,
				E5F659E72CA00B49001A08C7 /* AddExpenseConfirmViewController.swift in Sources */,
				953650C52C6E067800F58D13 /* DummyData.swift in Sources */,
				953650792C64567700F58D13 /* EmptyHomeViewController.swift in Sources */,
				E5F659DF2C9C9162001A08C7 /* ExpenseCategoryView.swift in Sources */,
				953650792C64567700F58D13 /* EmptyHomeViewController.swift in Sources */,
				951261A02AC05B6F0012B5F9 /* AuthService.swift in Sources */,
				951261872AC02D560012B5F9 /* URLConst.swift in Sources */,
				951261C52AC1DE110012B5F9 /* UserDefault.swift in Sources */,
				6B5B83952AC1EDB700CD0AFC /* GulbiResponse.swift in Sources */,
				951261A92AC19A2B0012B5F9 /* MainAPI.swift in Sources */,
				E53F84342C8DD6420005EBBE /* PlanExpenseModel.swift in Sources */,
				95577D232C81DE8D008CFE0B /* HomeWidgetSettingViewController.swift in Sources */,
				953BF47E2B13AD13009F8FE4 /* AuthResponse.swift in Sources */,
				95EF1C5E2C7EEE5B00AD06A9 /* DataManager.swift in Sources */,
				95E24FFC2AC2CA7200AB8DD5 /* StringLiteral.swift in Sources */,
				9512619E2AC055190012B5F9 /* AuthAPI.swift in Sources */,
				BC94AD4B2AA61B6C00A77052 /* BaseButton.swift in Sources */,
				95EF1C392C77471400AD06A9 /* AnalysisExpenseDetailEmptyView.swift in Sources */,
				953650842C6457F400F58D13 /* PlanExpenseView.swift in Sources */,
				9512615A2ABB1CA20012B5F9 /* OnboardingViewController.swift in Sources */,
				E5D34D8D2C85A5E200200C44 /* UITextField+Extension.swift in Sources */,
				BC94AD522AA61F2000A77052 /* RequestProvider.swift in Sources */,
				953650CA2C6E199700F58D13 /* Category.swift in Sources */,
				951261A22AC061560012B5F9 /* NetworkService.swift in Sources */,
				6B5B83972AC1EE4800CD0AFC /* ErrorResponse.swift in Sources */,
				953650BF2C6DFF6200F58D13 /* MonthAnalysisView.swift in Sources */,
				953650822C6457ED00F58D13 /* PlanExpenseViewController.swift in Sources */,
				E5D34D8F2C85A62300200C44 /* BaseTextField.swift in Sources */,
				E5F659E12C9C9174001A08C7 /* ExpenseCategoryViewController.swift in Sources */,
				BC94AD5E2AA6275000A77052 /* ExampleCustomView.swift in Sources */,
				9536508D2C64585D00F58D13 /* MakeMoneyBoxView.swift in Sources */,
				953650B52C6DC65200F58D13 /* UIStackView+Extension.swift in Sources */,
				951261652ABD97100012B5F9 /* LoginView.swift in Sources */,
				E5F659E32C9FE790001A08C7 /* ExpenseCategoryCell.swift in Sources */,
				9536509A2C6458F200F58D13 /* CalendarView.swift in Sources */,
				951261B22AC1A8890012B5F9 /* WeeklyResponse.swift in Sources */,
				955201402CA06793006DB98C /* CalendarModel.swift in Sources */,
				955201392CA04BC4006DB98C /* ExpenseListViewController.swift in Sources */,
				953650C82C6E125600F58D13 /* MonthAnalysisCollectionViewCell.swift in Sources */,
				953650862C6457FD00F58D13 /* AddExpenseViewController.swift in Sources */,
				953650942C6458D700F58D13 /* AnalysisExpenseDetailView.swift in Sources */,
				953650C12C6E03E700F58D13 /* AnalysisView.swift in Sources */,
				951261AB2AC19A370012B5F9 /* MainService.swift in Sources */,
				95E24FFE2AC2CA7800AB8DD5 /* ImageLiteral.swift in Sources */,
				BC94AD492AA61A8300A77052 /* BaseView.swift in Sources */,
				9552013C2CA04BDA006DB98C /* ExpenseDetailView.swift in Sources */,
				E5F659DC2C9709A8001A08C7 /* HomeViewController.swift in Sources */,
				6B742DA12AC02988002A784E /* UIViewController+Extension.swift in Sources */,
				95EF1C5A2C7EDF9800AD06A9 /* SelectMonthTransitioningDelegate.swift in Sources */,
				951261C12AC1B00D0012B5F9 /* GulbiService.swift in Sources */,
				95EF1C542C7EDEE000AD06A9 /* MonthPickerView.swift in Sources */,
				953650772C64566A00F58D13 /* EmptyHomeView.swift in Sources */,
				BC94AD212AA5FE3A00A77052 /* AppDelegate.swift in Sources */,
				BC94AD592AA6208900A77052 /* ExampleRequest.swift in Sources */,
				955100B62C76E1B400D80A9C /* AnalysisExpenseEmptyView.swift in Sources */,
				BC94AD572AA61FC300A77052 /* TargetType+Extension.swift in Sources */,
				BC94AD232AA5FE3A00A77052 /* SceneDelegate.swift in Sources */,
				951261902AC02EA70012B5F9 /* NetworkResult.swift in Sources */,
				955100B12C76D85D00D80A9C /* CategoryDetailView.swift in Sources */,
				953650AB2C6462E400F58D13 /* TabBarViewController.swift in Sources */,
				6B5B83992AC1EE8C00CD0AFC /* MainResponse.swift in Sources */,
				9536509C2C64590000F58D13 /* MyPageViewController.swift in Sources */,
				95577D212C81DE86008CFE0B /* HomeWidgetSettingView.swift in Sources */,
				951261682ABF4ED20012B5F9 /* Storage.swift in Sources */,
				E5F659E92CA00B57001A08C7 /* AddExpenseConfirmView.swift in Sources */,
				95EF1C5C2C7EDFE000AD06A9 /* SelectMonthPresentationController.swift in Sources */,
				955201422CA06B08006DB98C /* UILabel+Extension.swift in Sources */,
				9536509E2C64590700F58D13 /* MyPageView.swift in Sources */,
				E53F842D2C8C98560005EBBE /* CalendarCell.swift in Sources */,
				6B555DA72ABF2A1D00E065F2 /* (null) in Sources */,
				95577D172C81D2B6008CFE0B /* MyPageTableViewFooter.swift in Sources */,
				95E535D02AB492F400FA2492 /* SplashViewController.swift in Sources */,
				951261C72AC1DE280012B5F9 /* UserDefaultHandler.swift in Sources */,
			);
			runOnlyForDeploymentPostprocessing = 0;
		};
/* End PBXSourcesBuildPhase section */

/* Begin PBXVariantGroup section */
		BC94AD2B2AA5FE3B00A77052 /* LaunchScreen.storyboard */ = {
			isa = PBXVariantGroup;
			children = (
				BC94AD2C2AA5FE3B00A77052 /* Base */,
			);
			name = LaunchScreen.storyboard;
			sourceTree = "<group>";
		};
/* End PBXVariantGroup section */

/* Begin XCBuildConfiguration section */
		BC94AD2F2AA5FE3B00A77052 /* Debug */ = {
			isa = XCBuildConfiguration;
			buildSettings = {
				ALWAYS_SEARCH_USER_PATHS = NO;
				CLANG_ANALYZER_NONNULL = YES;
				CLANG_ANALYZER_NUMBER_OBJECT_CONVERSION = YES_AGGRESSIVE;
				CLANG_CXX_LANGUAGE_STANDARD = "gnu++20";
				CLANG_ENABLE_MODULES = YES;
				CLANG_ENABLE_OBJC_ARC = YES;
				CLANG_ENABLE_OBJC_WEAK = YES;
				CLANG_WARN_BLOCK_CAPTURE_AUTORELEASING = YES;
				CLANG_WARN_BOOL_CONVERSION = YES;
				CLANG_WARN_COMMA = YES;
				CLANG_WARN_CONSTANT_CONVERSION = YES;
				CLANG_WARN_DEPRECATED_OBJC_IMPLEMENTATIONS = YES;
				CLANG_WARN_DIRECT_OBJC_ISA_USAGE = YES_ERROR;
				CLANG_WARN_DOCUMENTATION_COMMENTS = YES;
				CLANG_WARN_EMPTY_BODY = YES;
				CLANG_WARN_ENUM_CONVERSION = YES;
				CLANG_WARN_INFINITE_RECURSION = YES;
				CLANG_WARN_INT_CONVERSION = YES;
				CLANG_WARN_NON_LITERAL_NULL_CONVERSION = YES;
				CLANG_WARN_OBJC_IMPLICIT_RETAIN_SELF = YES;
				CLANG_WARN_OBJC_LITERAL_CONVERSION = YES;
				CLANG_WARN_OBJC_ROOT_CLASS = YES_ERROR;
				CLANG_WARN_QUOTED_INCLUDE_IN_FRAMEWORK_HEADER = YES;
				CLANG_WARN_RANGE_LOOP_ANALYSIS = YES;
				CLANG_WARN_STRICT_PROTOTYPES = YES;
				CLANG_WARN_SUSPICIOUS_MOVE = YES;
				CLANG_WARN_UNGUARDED_AVAILABILITY = YES_AGGRESSIVE;
				CLANG_WARN_UNREACHABLE_CODE = YES;
				CLANG_WARN__DUPLICATE_METHOD_MATCH = YES;
				COPY_PHASE_STRIP = NO;
				DEBUG_INFORMATION_FORMAT = dwarf;
				ENABLE_STRICT_OBJC_MSGSEND = YES;
				ENABLE_TESTABILITY = YES;
				GCC_C_LANGUAGE_STANDARD = gnu11;
				GCC_DYNAMIC_NO_PIC = NO;
				GCC_NO_COMMON_BLOCKS = YES;
				GCC_OPTIMIZATION_LEVEL = 0;
				GCC_PREPROCESSOR_DEFINITIONS = (
					"DEBUG=1",
					"$(inherited)",
				);
				GCC_WARN_64_TO_32_BIT_CONVERSION = YES;
				GCC_WARN_ABOUT_RETURN_TYPE = YES_ERROR;
				GCC_WARN_UNDECLARED_SELECTOR = YES;
				GCC_WARN_UNINITIALIZED_AUTOS = YES_AGGRESSIVE;
				GCC_WARN_UNUSED_FUNCTION = YES;
				GCC_WARN_UNUSED_VARIABLE = YES;
				IPHONEOS_DEPLOYMENT_TARGET = 16.0;
				MTL_ENABLE_DEBUG_INFO = INCLUDE_SOURCE;
				MTL_FAST_MATH = YES;
				ONLY_ACTIVE_ARCH = YES;
				SDKROOT = iphoneos;
				SWIFT_ACTIVE_COMPILATION_CONDITIONS = DEBUG;
				SWIFT_OPTIMIZATION_LEVEL = "-Onone";
			};
			name = Debug;
		};
		BC94AD302AA5FE3B00A77052 /* Release */ = {
			isa = XCBuildConfiguration;
			buildSettings = {
				ALWAYS_SEARCH_USER_PATHS = NO;
				CLANG_ANALYZER_NONNULL = YES;
				CLANG_ANALYZER_NUMBER_OBJECT_CONVERSION = YES_AGGRESSIVE;
				CLANG_CXX_LANGUAGE_STANDARD = "gnu++20";
				CLANG_ENABLE_MODULES = YES;
				CLANG_ENABLE_OBJC_ARC = YES;
				CLANG_ENABLE_OBJC_WEAK = YES;
				CLANG_WARN_BLOCK_CAPTURE_AUTORELEASING = YES;
				CLANG_WARN_BOOL_CONVERSION = YES;
				CLANG_WARN_COMMA = YES;
				CLANG_WARN_CONSTANT_CONVERSION = YES;
				CLANG_WARN_DEPRECATED_OBJC_IMPLEMENTATIONS = YES;
				CLANG_WARN_DIRECT_OBJC_ISA_USAGE = YES_ERROR;
				CLANG_WARN_DOCUMENTATION_COMMENTS = YES;
				CLANG_WARN_EMPTY_BODY = YES;
				CLANG_WARN_ENUM_CONVERSION = YES;
				CLANG_WARN_INFINITE_RECURSION = YES;
				CLANG_WARN_INT_CONVERSION = YES;
				CLANG_WARN_NON_LITERAL_NULL_CONVERSION = YES;
				CLANG_WARN_OBJC_IMPLICIT_RETAIN_SELF = YES;
				CLANG_WARN_OBJC_LITERAL_CONVERSION = YES;
				CLANG_WARN_OBJC_ROOT_CLASS = YES_ERROR;
				CLANG_WARN_QUOTED_INCLUDE_IN_FRAMEWORK_HEADER = YES;
				CLANG_WARN_RANGE_LOOP_ANALYSIS = YES;
				CLANG_WARN_STRICT_PROTOTYPES = YES;
				CLANG_WARN_SUSPICIOUS_MOVE = YES;
				CLANG_WARN_UNGUARDED_AVAILABILITY = YES_AGGRESSIVE;
				CLANG_WARN_UNREACHABLE_CODE = YES;
				CLANG_WARN__DUPLICATE_METHOD_MATCH = YES;
				COPY_PHASE_STRIP = NO;
				DEBUG_INFORMATION_FORMAT = "dwarf-with-dsym";
				ENABLE_NS_ASSERTIONS = NO;
				ENABLE_STRICT_OBJC_MSGSEND = YES;
				GCC_C_LANGUAGE_STANDARD = gnu11;
				GCC_NO_COMMON_BLOCKS = YES;
				GCC_WARN_64_TO_32_BIT_CONVERSION = YES;
				GCC_WARN_ABOUT_RETURN_TYPE = YES_ERROR;
				GCC_WARN_UNDECLARED_SELECTOR = YES;
				GCC_WARN_UNINITIALIZED_AUTOS = YES_AGGRESSIVE;
				GCC_WARN_UNUSED_FUNCTION = YES;
				GCC_WARN_UNUSED_VARIABLE = YES;
				IPHONEOS_DEPLOYMENT_TARGET = 16.0;
				MTL_ENABLE_DEBUG_INFO = NO;
				MTL_FAST_MATH = YES;
				SDKROOT = iphoneos;
				SWIFT_COMPILATION_MODE = wholemodule;
				SWIFT_OPTIMIZATION_LEVEL = "-O";
				VALIDATE_PRODUCT = YES;
			};
			name = Release;
		};
		BC94AD322AA5FE3B00A77052 /* Debug */ = {
			isa = XCBuildConfiguration;
			buildSettings = {
				ASSETCATALOG_COMPILER_APPICON_NAME = AppIcon;
				ASSETCATALOG_COMPILER_GLOBAL_ACCENT_COLOR_NAME = AccentColor;
				CODE_SIGN_ENTITLEMENTS = AKKIN/AKKIN.entitlements;
				CODE_SIGN_STYLE = Automatic;
				CURRENT_PROJECT_VERSION = 1;
				DEVELOPMENT_TEAM = 39MK2JX9R4;
				GENERATE_INFOPLIST_FILE = YES;
				INFOPLIST_FILE = AKKIN/Support/Info.plist;
				INFOPLIST_KEY_NSPhotoLibraryAddUsageDescription = "사진을 저장하기 위해 사진 앨범에 접근할 권한이 필요합니다";
				INFOPLIST_KEY_UIApplicationSupportsIndirectInputEvents = YES;
				INFOPLIST_KEY_UILaunchStoryboardName = LaunchScreen;
				INFOPLIST_KEY_UISupportedInterfaceOrientations = "UIInterfaceOrientationLandscapeLeft UIInterfaceOrientationLandscapeRight UIInterfaceOrientationPortrait";
				INFOPLIST_KEY_UISupportedInterfaceOrientations_iPad = "UIInterfaceOrientationLandscapeLeft UIInterfaceOrientationLandscapeRight UIInterfaceOrientationPortrait UIInterfaceOrientationPortraitUpsideDown";
				INFOPLIST_KEY_UIUserInterfaceStyle = Light;
				LD_RUNPATH_SEARCH_PATHS = (
					"$(inherited)",
					"@executable_path/Frameworks",
				);
				MARKETING_VERSION = 1.0;
				PRODUCT_BUNDLE_IDENTIFIER = com.peopleakkin.AKKIN;
				PRODUCT_NAME = "$(TARGET_NAME)";
				SWIFT_EMIT_LOC_STRINGS = YES;
				SWIFT_VERSION = 5.0;
				TARGETED_DEVICE_FAMILY = "1,2";
			};
			name = Debug;
		};
		BC94AD332AA5FE3B00A77052 /* Release */ = {
			isa = XCBuildConfiguration;
			buildSettings = {
				ASSETCATALOG_COMPILER_APPICON_NAME = AppIcon;
				ASSETCATALOG_COMPILER_GLOBAL_ACCENT_COLOR_NAME = AccentColor;
				CODE_SIGN_ENTITLEMENTS = AKKIN/AKKIN.entitlements;
				CODE_SIGN_STYLE = Automatic;
				CURRENT_PROJECT_VERSION = 1;
				DEVELOPMENT_TEAM = 39MK2JX9R4;
				GENERATE_INFOPLIST_FILE = YES;
				INFOPLIST_FILE = AKKIN/Support/Info.plist;
				INFOPLIST_KEY_NSPhotoLibraryAddUsageDescription = "사진을 저장하기 위해 사진 앨범에 접근할 권한이 필요합니다";
				INFOPLIST_KEY_UIApplicationSupportsIndirectInputEvents = YES;
				INFOPLIST_KEY_UILaunchStoryboardName = LaunchScreen;
				INFOPLIST_KEY_UISupportedInterfaceOrientations = "UIInterfaceOrientationLandscapeLeft UIInterfaceOrientationLandscapeRight UIInterfaceOrientationPortrait";
				INFOPLIST_KEY_UISupportedInterfaceOrientations_iPad = "UIInterfaceOrientationLandscapeLeft UIInterfaceOrientationLandscapeRight UIInterfaceOrientationPortrait UIInterfaceOrientationPortraitUpsideDown";
				INFOPLIST_KEY_UIUserInterfaceStyle = Light;
				LD_RUNPATH_SEARCH_PATHS = (
					"$(inherited)",
					"@executable_path/Frameworks",
				);
				MARKETING_VERSION = 1.0;
				PRODUCT_BUNDLE_IDENTIFIER = com.peopleakkin.AKKIN;
				PRODUCT_NAME = "$(TARGET_NAME)";
				SWIFT_EMIT_LOC_STRINGS = YES;
				SWIFT_VERSION = 5.0;
				TARGETED_DEVICE_FAMILY = "1,2";
			};
			name = Release;
		};
/* End XCBuildConfiguration section */

/* Begin XCConfigurationList section */
		BC94AD182AA5FE3A00A77052 /* Build configuration list for PBXProject "AKKIN" */ = {
			isa = XCConfigurationList;
			buildConfigurations = (
				BC94AD2F2AA5FE3B00A77052 /* Debug */,
				BC94AD302AA5FE3B00A77052 /* Release */,
			);
			defaultConfigurationIsVisible = 0;
			defaultConfigurationName = Release;
		};
		BC94AD312AA5FE3B00A77052 /* Build configuration list for PBXNativeTarget "AKKIN" */ = {
			isa = XCConfigurationList;
			buildConfigurations = (
				BC94AD322AA5FE3B00A77052 /* Debug */,
				BC94AD332AA5FE3B00A77052 /* Release */,
			);
			defaultConfigurationIsVisible = 0;
			defaultConfigurationName = Release;
		};
/* End XCConfigurationList section */

/* Begin XCRemoteSwiftPackageReference section */
		951261D82AC2A9380012B5F9 /* XCRemoteSwiftPackageReference "Toast-Swift" */ = {
			isa = XCRemoteSwiftPackageReference;
			repositoryURL = "https://github.com/scalessec/Toast-Swift";
			requirement = {
				kind = upToNextMajorVersion;
				minimumVersion = 5.0.0;
			};
		};
		BC94AD3D2AA619CE00A77052 /* XCRemoteSwiftPackageReference "Moya" */ = {
			isa = XCRemoteSwiftPackageReference;
			repositoryURL = "https://github.com/Moya/Moya.git";
			requirement = {
				kind = upToNextMajorVersion;
				minimumVersion = 15.0.0;
			};
		};
		BC94AD402AA619DC00A77052 /* XCRemoteSwiftPackageReference "Then" */ = {
			isa = XCRemoteSwiftPackageReference;
			repositoryURL = "https://github.com/devxoul/Then";
			requirement = {
				kind = upToNextMajorVersion;
				minimumVersion = 3.0.0;
			};
		};
		BC94AD432AA619FC00A77052 /* XCRemoteSwiftPackageReference "SnapKit" */ = {
			isa = XCRemoteSwiftPackageReference;
			repositoryURL = "https://github.com/SnapKit/SnapKit.git";
			requirement = {
				kind = upToNextMajorVersion;
				minimumVersion = 5.0.0;
			};
		};
		C336C7C72B5146E400A118F0 /* XCRemoteSwiftPackageReference "kakao-ios-sdk" */ = {
			isa = XCRemoteSwiftPackageReference;
			repositoryURL = "https://github.com/kakao/kakao-ios-sdk";
			requirement = {
				kind = upToNextMajorVersion;
				minimumVersion = 2.20.0;
			};
		};
		E53F842E2C8C98840005EBBE /* XCRemoteSwiftPackageReference "FSCalendar" */ = {
			isa = XCRemoteSwiftPackageReference;
			repositoryURL = "https://github.com/WenchaoD/FSCalendar";
			requirement = {
				kind = upToNextMajorVersion;
				minimumVersion = 2.8.4;
			};
		};
/* End XCRemoteSwiftPackageReference section */

/* Begin XCSwiftPackageProductDependency section */
		951261D92AC2A9380012B5F9 /* Toast */ = {
			isa = XCSwiftPackageProductDependency;
			package = 951261D82AC2A9380012B5F9 /* XCRemoteSwiftPackageReference "Toast-Swift" */;
			productName = Toast;
		};
		BC94AD3E2AA619CE00A77052 /* Moya */ = {
			isa = XCSwiftPackageProductDependency;
			package = BC94AD3D2AA619CE00A77052 /* XCRemoteSwiftPackageReference "Moya" */;
			productName = Moya;
		};
		BC94AD412AA619DC00A77052 /* Then */ = {
			isa = XCSwiftPackageProductDependency;
			package = BC94AD402AA619DC00A77052 /* XCRemoteSwiftPackageReference "Then" */;
			productName = Then;
		};
		BC94AD442AA619FC00A77052 /* SnapKit */ = {
			isa = XCSwiftPackageProductDependency;
			package = BC94AD432AA619FC00A77052 /* XCRemoteSwiftPackageReference "SnapKit" */;
			productName = SnapKit;
		};
		C336C7C82B5146E400A118F0 /* KakaoSDK */ = {
			isa = XCSwiftPackageProductDependency;
			package = C336C7C72B5146E400A118F0 /* XCRemoteSwiftPackageReference "kakao-ios-sdk" */;
			productName = KakaoSDK;
		};
		C336C7CA2B5146E400A118F0 /* KakaoSDKAuth */ = {
			isa = XCSwiftPackageProductDependency;
			package = C336C7C72B5146E400A118F0 /* XCRemoteSwiftPackageReference "kakao-ios-sdk" */;
			productName = KakaoSDKAuth;
		};
		C336C7CC2B5146E400A118F0 /* KakaoSDKCert */ = {
			isa = XCSwiftPackageProductDependency;
			package = C336C7C72B5146E400A118F0 /* XCRemoteSwiftPackageReference "kakao-ios-sdk" */;
			productName = KakaoSDKCert;
		};
		C336C7CE2B5146E400A118F0 /* KakaoSDKCertCore */ = {
			isa = XCSwiftPackageProductDependency;
			package = C336C7C72B5146E400A118F0 /* XCRemoteSwiftPackageReference "kakao-ios-sdk" */;
			productName = KakaoSDKCertCore;
		};
		C336C7D02B5146E400A118F0 /* KakaoSDKCommon */ = {
			isa = XCSwiftPackageProductDependency;
			package = C336C7C72B5146E400A118F0 /* XCRemoteSwiftPackageReference "kakao-ios-sdk" */;
			productName = KakaoSDKCommon;
		};
		E53F842F2C8C98850005EBBE /* FSCalendar */ = {
			isa = XCSwiftPackageProductDependency;
			package = E53F842E2C8C98840005EBBE /* XCRemoteSwiftPackageReference "FSCalendar" */;
			productName = FSCalendar;
		};
/* End XCSwiftPackageProductDependency section */
	};
	rootObject = BC94AD152AA5FE3A00A77052 /* Project object */;
}
